// !$*UTF8*$!
{
	archiveVersion = 1;
	classes = {
	};
	objectVersion = 77;
	objects = {

/* Begin PBXBuildFile section */
		0149B17350BA3EDB59AFB95B /* ChecksumService.swift in Sources */ = {isa = PBXBuildFile; fileRef = ADF2D1812087D1A07DBDD5DA /* ChecksumService.swift */; };
		025E19D6F88835FDC42CED4B /* RelayFramesTests.swift in Sources */ = {isa = PBXBuildFile; fileRef = FAB9C9D0D0AC63294EABA679 /* RelayFramesTests.swift */; };
		054B2CFDCA189DE91E66AF72 /* HTTPTypes.swift in Sources */ = {isa = PBXBuildFile; fileRef = D00CAD993588044AA4E115FB /* HTTPTypes.swift */; };
		0A365BA7140F241E2EEE9E71 /* LottieOverrides.swift in Sources */ = {isa = PBXBuildFile; fileRef = 052EA62BC9AA94D4D36FB0D9 /* LottieOverrides.swift */; };
		0B2267AE2C2B8C8C7E64CDE9 /* ProjectStore.swift in Sources */ = {isa = PBXBuildFile; fileRef = 7CB257DB5B46F59853B63D69 /* ProjectStore.swift */; };
		11A67514D6C80AF25FEC6A69 /* AnimationItem.swift in Sources */ = {isa = PBXBuildFile; fileRef = DE631FD15EAD0E5C992EB845 /* AnimationItem.swift */; };
		147BEA28F1F093F2449AAB6B /* OnboardingPage.swift in Sources */ = {isa = PBXBuildFile; fileRef = 0DFEF41D5297AE67220AB362 /* OnboardingPage.swift */; };
		14D650F758B6AFF2D4FE0ECC /* IssueResolutionPanel.swift in Sources */ = {isa = PBXBuildFile; fileRef = FE88A82BB0BD1B3A946399E3 /* IssueResolutionPanel.swift */; };
		1576634381561A089B1FAE26 /* AnimationSpec.swift in Sources */ = {isa = PBXBuildFile; fileRef = DCE14400D9D4116EB4EF82E6 /* AnimationSpec.swift */; };
		1636A04C37E7FE8AC744FF33 /* SVGToLottie.swift in Sources */ = {isa = PBXBuildFile; fileRef = 586C0A782A122199111F978A /* SVGToLottie.swift */; };
		16BB0AB96627B1C2C9C563EA /* AnimationSpec.swift in Sources */ = {isa = PBXBuildFile; fileRef = DCE14400D9D4116EB4EF82E6 /* AnimationSpec.swift */; };
		17784FC9BED0BB59F16111A5 /* Exporter.swift in Sources */ = {isa = PBXBuildFile; fileRef = 45AC48CACC8779BB46B9E22A /* Exporter.swift */; };
		1893E423B2A66FDCF6128FF0 /* EditorView.swift in Sources */ = {isa = PBXBuildFile; fileRef = 945C59E8559C087E0901E265 /* EditorView.swift */; };
		1AD2C59902042A2238915262 /* rocket_static_simplified.json in Resources */ = {isa = PBXBuildFile; fileRef = 3D8B53557E48CEE49E380DB7 /* rocket_static_simplified.json */; };
		1BB6B8FECBAE415A03EC171A /* PrivacyInfo.xcprivacy in Resources */ = {isa = PBXBuildFile; fileRef = 6DF1CB8BA12C83362C1422D9 /* PrivacyInfo.xcprivacy */; };
		1DB6EFD00BD37709D73E16BA /* CanonicalizationService.swift in Sources */ = {isa = PBXBuildFile; fileRef = 03740337974AD3EB7C96ED69 /* CanonicalizationService.swift */; };
		1DE7925885832785AD71B34D /* ClaudeConnectView.swift in Sources */ = {isa = PBXBuildFile; fileRef = D53B73B54CFFB67D1259988D /* ClaudeConnectView.swift */; };
		20334F1ED860D04C71ECEBA9 /* CompanionServer.swift in Sources */ = {isa = PBXBuildFile; fileRef = 58EC988122AE5CC001AC5DB9 /* CompanionServer.swift */; };
		220FE0F29A1B4D7562CB6172 /* AssetBundle.swift in Sources */ = {isa = PBXBuildFile; fileRef = FFD0F22D98242B6030D8AF48 /* AssetBundle.swift */; };
		22A49C042BB8A066D9D4B1D7 /* CompanionRoutes.swift in Sources */ = {isa = PBXBuildFile; fileRef = 14DFA9187CB8DC61B5333CCD /* CompanionRoutes.swift */; };
		22EAE01CDE38102BD7F44385 /* SVGDocument.swift in Sources */ = {isa = PBXBuildFile; fileRef = 2534C7FBEFEFBB33B8CDC18D /* SVGDocument.swift */; };
		23AB74D302D31614C263DC2D /* ProjectStore.swift in Sources */ = {isa = PBXBuildFile; fileRef = 7CB257DB5B46F59853B63D69 /* ProjectStore.swift */; };
		23CF21DE065B516B91448D05 /* PaywallView.swift in Sources */ = {isa = PBXBuildFile; fileRef = 955EC145A88132A2DC8AC499 /* PaywallView.swift */; };
		24381E5AA00D41021235E850 /* SVGDocument.swift in Sources */ = {isa = PBXBuildFile; fileRef = 2534C7FBEFEFBB33B8CDC18D /* SVGDocument.swift */; };
		27CDF0D6DF1666A0BF18E248 /* PublishHandoffService.swift in Sources */ = {isa = PBXBuildFile; fileRef = 2736C1457A9C36B412DFD3C3 /* PublishHandoffService.swift */; };
		2A0542FAFA0851CD9A844B1C /* AnimationStore.swift in Sources */ = {isa = PBXBuildFile; fileRef = D39549059849D69D271A9781 /* AnimationStore.swift */; };
		2A458AC5AE701FA235B83AAD /* LottieDeveloper.storekit in Resources */ = {isa = PBXBuildFile; fileRef = 2D77551CC12D526334282FE0 /* LottieDeveloper.storekit */; };
		2E2AB2966B5955FB3FFDDCDA /* LottieOverrides.swift in Sources */ = {isa = PBXBuildFile; fileRef = 052EA62BC9AA94D4D36FB0D9 /* LottieOverrides.swift */; };
		2EDE92A283A7AF38FF1E26E1 /* PipelineOrchestrator.swift in Sources */ = {isa = PBXBuildFile; fileRef = D00E525636060B514282E4A3 /* PipelineOrchestrator.swift */; };
		3178021FDC3A4EFE651E223B /* RelayClient.swift in Sources */ = {isa = PBXBuildFile; fileRef = 49A5925A3090827C699D471B /* RelayClient.swift */; };
		331E65A684A5283BF2352A5C /* FeedbackPanel.swift in Sources */ = {isa = PBXBuildFile; fileRef = C916981ABA1B9D2E6E6B15AA /* FeedbackPanel.swift */; };
		3564E1AE189ADC6897807610 /* LegalView.swift in Sources */ = {isa = PBXBuildFile; fileRef = FBE73F10F98ABAF464580906 /* LegalView.swift */; };
		3665012A437480A4B59C0AA5 /* RelayFrames.swift in Sources */ = {isa = PBXBuildFile; fileRef = DEEE2F1ACDFB4530F8F766F2 /* RelayFrames.swift */; };
		3901B2880416B36879391B2F /* SVGToLottie.swift in Sources */ = {isa = PBXBuildFile; fileRef = 586C0A782A122199111F978A /* SVGToLottie.swift */; };
		3A8E8003F91CC82CF5F46997 /* ReleaseCandidateService.swift in Sources */ = {isa = PBXBuildFile; fileRef = 555915C7173D710F7D33D037 /* ReleaseCandidateService.swift */; };
		3BF7424FF68BB991AD644F90 /* GateResultsCard.swift in Sources */ = {isa = PBXBuildFile; fileRef = 804C3678E066DFAB34B52851 /* GateResultsCard.swift */; };
		3E0E906B3AE2F07AB1E483DE /* RevisionStore.swift in Sources */ = {isa = PBXBuildFile; fileRef = 1ACE115475751351F21EFC83 /* RevisionStore.swift */; };
		41F0ECEA6638D1490F0121EC /* LottieRuntimeValidator.swift in Sources */ = {isa = PBXBuildFile; fileRef = 85DA8974432AA92AE5143D6C /* LottieRuntimeValidator.swift */; };
		44256F3A715A39832863AC2F /* RangeSlider.swift in Sources */ = {isa = PBXBuildFile; fileRef = EF619DF701EFC93464584D45 /* RangeSlider.swift */; };
		450087FEC95F28CC6735CD6E /* ProjectPlayerView.swift in Sources */ = {isa = PBXBuildFile; fileRef = 1F84AD6F5F7E995D48BCD24C /* ProjectPlayerView.swift */; };
		48158AAA1FB4E3A472F46BBE /* PublishSheet.swift in Sources */ = {isa = PBXBuildFile; fileRef = 120066EC9701A9514C8E445A /* PublishSheet.swift */; };
		4832898E303CF4B3A6F7404D /* ZIPFoundation in Frameworks */ = {isa = PBXBuildFile; productRef = 1423BB27F743B13F1541652C /* ZIPFoundation */; };
		4B0A5D90790F787D82DAC8FE /* LottieImageLayers.swift in Sources */ = {isa = PBXBuildFile; fileRef = 01F13224D1B9ECBAAD20EA8C /* LottieImageLayers.swift */; };
		4B69A227B371565F21ECC2C9 /* LottieCompilerTests.swift in Sources */ = {isa = PBXBuildFile; fileRef = B40884352487A3077902C735 /* LottieCompilerTests.swift */; };
		4D77F1B20B8206AE5C116CD6 /* rocket_static_simplified.json in Resources */ = {isa = PBXBuildFile; fileRef = 3D8B53557E48CEE49E380DB7 /* rocket_static_simplified.json */; };
		4DFBFF6EF4B1470351645EE3 /* MCPTools.swift in Sources */ = {isa = PBXBuildFile; fileRef = EA3ED4ECE2D76D09D7C68AB4 /* MCPTools.swift */; };
		4F01CA4CD9EB87D9ECE00753 /* QAReportView.swift in Sources */ = {isa = PBXBuildFile; fileRef = 70A9CC870838DD4765EE0CE2 /* QAReportView.swift */; };
		5715BE5159FC592F17DB2D78 /* SVGSnapshotRenderer.swift in Sources */ = {isa = PBXBuildFile; fileRef = 9D78A71D68C0A593DC9BC46F /* SVGSnapshotRenderer.swift */; };
		59CD5F739BF1AC48B7901372 /* ReleaseCandidateView.swift in Sources */ = {isa = PBXBuildFile; fileRef = 7EFB1868E387421D94AA81E7 /* ReleaseCandidateView.swift */; };
		5B24FD73AE08B72BE0EBDE0B /* OnboardingView.swift in Sources */ = {isa = PBXBuildFile; fileRef = D37C5ED4094DDA896EDD9A6D /* OnboardingView.swift */; };
		5B50611EDF74A0A1FA3747A8 /* ProjectModels.swift in Sources */ = {isa = PBXBuildFile; fileRef = 2AF62EDD0B0FFE46B32C221A /* ProjectModels.swift */; };
		5B6899C0124958F16893F2E3 /* demo_animation.json in Resources */ = {isa = PBXBuildFile; fileRef = 806199EFC405F6336CE025E4 /* demo_animation.json */; };
		5C30ACE719093EA118380E19 /* Lottie in Frameworks */ = {isa = PBXBuildFile; productRef = 0EC0BE20CEC664BB897D452A /* Lottie */; };
		5C638C354F28D293DA8EDE06 /* AssetsPanel.swift in Sources */ = {isa = PBXBuildFile; fileRef = 074530B7E7C318B3E890914F /* AssetsPanel.swift */; };
		687C08BC0804F465C355DA88 /* AnimationSpecSchema.swift in Sources */ = {isa = PBXBuildFile; fileRef = FB16A07A4680BA538D0602D0 /* AnimationSpecSchema.swift */; };
		71B3E86E1ADB46D7E211B771 /* main.swift in Sources */ = {isa = PBXBuildFile; fileRef = 5B40E9D5690E71B452195CDD /* main.swift */; };
		73A3784EBEC53BBADF7A4695 /* Lottie in Frameworks */ = {isa = PBXBuildFile; productRef = F56071E7FD9FEF5F5707B215 /* Lottie */; };
		75657492ECE18F2410C9839D /* SyntaxGate.swift in Sources */ = {isa = PBXBuildFile; fileRef = 21EDA6BA9CB162AF555CBDB6 /* SyntaxGate.swift */; };
		775C7C7DF2C82570F8C413C4 /* SKILL.md in Resources */ = {isa = PBXBuildFile; fileRef = 8D08A84A19D6C78A0766B75A /* SKILL.md */; };
		792B9245BCCB5B8039F6B793 /* PurchaseStore.swift in Sources */ = {isa = PBXBuildFile; fileRef = 769C1C108BFE4605E17525AA /* PurchaseStore.swift */; };
		7AD4C137362519A89904118E /* en.lproj in Resources */ = {isa = PBXBuildFile; fileRef = CB0E9FAF07269BDC49513A3B /* en.lproj */; };
		86DE4F0B617208344AC9105D /* LottieAnimationUIView.swift in Sources */ = {isa = PBXBuildFile; fileRef = E3F457F0D1FC6B946F568AF6 /* LottieAnimationUIView.swift */; };
		88A27AD57DD2DBD992BDA61E /* MotionSemanticGate.swift in Sources */ = {isa = PBXBuildFile; fileRef = C747BE8CB8E54ECBCB08BE2E /* MotionSemanticGate.swift */; };
		8B5CC78107716E422261D07D /* RelayFrames.swift in Sources */ = {isa = PBXBuildFile; fileRef = DEEE2F1ACDFB4530F8F766F2 /* RelayFrames.swift */; };
		8BE32D05A64FA6A6E2131A12 /* PipelineTransitionRules.swift in Sources */ = {isa = PBXBuildFile; fileRef = 382BF227E873F1AB3E410501 /* PipelineTransitionRules.swift */; };
		963AB6F8E8F1518FB8B48B0C /* SVGToLottie.swift in Sources */ = {isa = PBXBuildFile; fileRef = 586C0A782A122199111F978A /* SVGToLottie.swift */; };
		97D1F18BB8601726E5EF0357 /* PlayerPanels.swift in Sources */ = {isa = PBXBuildFile; fileRef = 32E09C768EBBDE396AE485BD /* PlayerPanels.swift */; };
		99B391B99AB986EBD53F5177 /* PlayerModel.swift in Sources */ = {isa = PBXBuildFile; fileRef = A0E6D5DD9CA7D4A776D9BB3F /* PlayerModel.swift */; };
		9B09F5160B31081A4D42D4A4 /* RevisionHistoryView.swift in Sources */ = {isa = PBXBuildFile; fileRef = 87FFA8637217BF63F13D4F7E /* RevisionHistoryView.swift */; };
		9B9973149BD4B0507B21DF3A /* AssetFiles.swift in Sources */ = {isa = PBXBuildFile; fileRef = 887D0D1E484444B421230A6E /* AssetFiles.swift */; };
		9BE660B496A8102AC99207FA /* OnboardingPageView.swift in Sources */ = {isa = PBXBuildFile; fileRef = 1B199A1CCAF4D6A5B89AF4A1 /* OnboardingPageView.swift */; };
		9C93D0E8AF7FEE64C1BB7888 /* PromptSpecInputView.swift in Sources */ = {isa = PBXBuildFile; fileRef = 79528051C0F2D3AEB67F24CD /* PromptSpecInputView.swift */; };
		9D62E6780445334588C2E5D2 /* LottieCompiler.swift in Sources */ = {isa = PBXBuildFile; fileRef = AC64D92C434D99E2176BDFEA /* LottieCompiler.swift */; };
		9E2035951D4EBFD40EC0B35B /* LottieCompiler.swift in Sources */ = {isa = PBXBuildFile; fileRef = AC64D92C434D99E2176BDFEA /* LottieCompiler.swift */; };
		9E3F76C05C3B47A494878D3F /* PipelineStatusView.swift in Sources */ = {isa = PBXBuildFile; fileRef = E8A97C5D8F44BBE00AFF359F /* PipelineStatusView.swift */; };
		9F2DE87F09177BB5DDC9F2AC /* AnimationSpecSchema.swift in Sources */ = {isa = PBXBuildFile; fileRef = FB16A07A4680BA538D0602D0 /* AnimationSpecSchema.swift */; };
		A3AA3A9BE40EF991DA840927 /* LottieMerge.swift in Sources */ = {isa = PBXBuildFile; fileRef = F7B937F72048FFB6A6CC63C1 /* LottieMerge.swift */; };
		A5CC1AA353592C2890C26ACC /* PipelineRunView.swift in Sources */ = {isa = PBXBuildFile; fileRef = 3EF0D319D568A9C27471EA4C /* PipelineRunView.swift */; };
		A6DD1ECEF312467A450B05A4 /* RelayFrames.swift in Sources */ = {isa = PBXBuildFile; fileRef = DEEE2F1ACDFB4530F8F766F2 /* RelayFrames.swift */; };
		AAC3898FCF2C381CF6C9DBEA /* AssetFiles.swift in Sources */ = {isa = PBXBuildFile; fileRef = 887D0D1E484444B421230A6E /* AssetFiles.swift */; };
		AAF2A31B12BF72202CDA1E8C /* ru.lproj in Resources */ = {isa = PBXBuildFile; fileRef = 02E820002D2D9AA2F8156F90 /* ru.lproj */; };
		AB6A9B54B628538A14E97510 /* ProjectsListView.swift in Sources */ = {isa = PBXBuildFile; fileRef = 346F97EE1E9B8E1E2B0C76FC /* ProjectsListView.swift */; };
		ABBF71B645B9C0B7FB270F38 /* LottieImageLayers.swift in Sources */ = {isa = PBXBuildFile; fileRef = 01F13224D1B9ECBAAD20EA8C /* LottieImageLayers.swift */; };
		AFDC0B74B9A8F247B207E5D3 /* AnimationLibraryView.swift in Sources */ = {isa = PBXBuildFile; fileRef = DB60AFE266A6F7F6A4B0677C /* AnimationLibraryView.swift */; };
		B01661B7981164BAE2251506 /* LottiePreviewView.swift in Sources */ = {isa = PBXBuildFile; fileRef = C97A29245F3E2C247655D631 /* LottiePreviewView.swift */; };
		B0D1ECDBD793FDCDFA2C5A87 /* ProjectStore.swift in Sources */ = {isa = PBXBuildFile; fileRef = 7CB257DB5B46F59853B63D69 /* ProjectStore.swift */; };
		B12054C3C84BF9398A5D8D8C /* PipelineRunContext.swift in Sources */ = {isa = PBXBuildFile; fileRef = 2C3A178FA18EE34990392D24 /* PipelineRunContext.swift */; };
		B277B78F5C95A3A6F58754DA /* LottieDeveloperApp.swift in Sources */ = {isa = PBXBuildFile; fileRef = 317C7EC0D68C63A7A96E7137 /* LottieDeveloperApp.swift */; };
		B2815971A3E2A5C37AE62AF8 /* PipelineEnums.swift in Sources */ = {isa = PBXBuildFile; fileRef = 6CFB1EF0178CD394407CB18D /* PipelineEnums.swift */; };
		B2F96164738FB52F5D25ECD5 /* QAReportBuilder.swift in Sources */ = {isa = PBXBuildFile; fileRef = 1E117602F91882CECFE7E62A /* QAReportBuilder.swift */; };
		B4CFD6F4D3BC889E8A210D5E /* FrameRenderer.swift in Sources */ = {isa = PBXBuildFile; fileRef = D245BE4D8C29DE1E7CA0ACDF /* FrameRenderer.swift */; };
		B6892493915A8A01FA22FC64 /* ImportSourcePickerView.swift in Sources */ = {isa = PBXBuildFile; fileRef = 0017B4069A322A1C14D21403 /* ImportSourcePickerView.swift */; };
		B68CACD2D16B20DD8057B00E /* LottieCompiler.swift in Sources */ = {isa = PBXBuildFile; fileRef = AC64D92C434D99E2176BDFEA /* LottieCompiler.swift */; };
		BAB869747215245913B9C6EE /* Workspace in Resources */ = {isa = PBXBuildFile; fileRef = D99797080100D2332F627ED0 /* Workspace */; };
		BB9324EC45039DD4F0EF8911 /* CheckerboardBackground.swift in Sources */ = {isa = PBXBuildFile; fileRef = C10BAEA1B02D4F6088BF285D /* CheckerboardBackground.swift */; };
		BE99482CA8C98AC534A16F8F /* WorkspaceSetup.swift in Sources */ = {isa = PBXBuildFile; fileRef = 1342279CF870CE6946C522F7 /* WorkspaceSetup.swift */; };
		BF1EA74CD3581B755301B3AF /* AssetBundle.swift in Sources */ = {isa = PBXBuildFile; fileRef = FFD0F22D98242B6030D8AF48 /* AssetBundle.swift */; };
		C02B03371A467EE997BE4EE2 /* LottieMerge.swift in Sources */ = {isa = PBXBuildFile; fileRef = F7B937F72048FFB6A6CC63C1 /* LottieMerge.swift */; };
		C11A2CB611E2BC4D6CBBD427 /* Lottie in Frameworks */ = {isa = PBXBuildFile; productRef = 89D988112581D90066ABE88E /* Lottie */; };
		C373F804C741B9D149FA7256 /* RevisionDiffService.swift in Sources */ = {isa = PBXBuildFile; fileRef = 19E2C16C628A31CB7CF8B577 /* RevisionDiffService.swift */; };
		C5F18471AE5FCE7E22652D01 /* MCPServer.swift in Sources */ = {isa = PBXBuildFile; fileRef = F373B8D0B6FE472C3328F1C8 /* MCPServer.swift */; };
		C78D374FF6D1A9AF99134D33 /* FrameRenderer.swift in Sources */ = {isa = PBXBuildFile; fileRef = D245BE4D8C29DE1E7CA0ACDF /* FrameRenderer.swift */; };
		C87A5937D588E3B5921A5C52 /* FrameRenderer.swift in Sources */ = {isa = PBXBuildFile; fileRef = D245BE4D8C29DE1E7CA0ACDF /* FrameRenderer.swift */; };
		CA1F0A1CE22D86820CAE7CF8 /* BackgroundSheet.swift in Sources */ = {isa = PBXBuildFile; fileRef = 70B3B9C6F47B279A03F8879F /* BackgroundSheet.swift */; };
		CC50607ECCA9D2183DC7D924 /* LottieCanvas.swift in Sources */ = {isa = PBXBuildFile; fileRef = 454AC4DF6BDC424B83701A42 /* LottieCanvas.swift */; };
		CC9AC5D933581ABCA6CB2232 /* LottieImageLayers.swift in Sources */ = {isa = PBXBuildFile; fileRef = 01F13224D1B9ECBAAD20EA8C /* LottieImageLayers.swift */; };
		CE2365DB9CBFE246A2CC37BE /* ProjectModels.swift in Sources */ = {isa = PBXBuildFile; fileRef = 2AF62EDD0B0FFE46B32C221A /* ProjectModels.swift */; };
		CE3C46B0FBDD7700B31E92D9 /* PlaybackState.swift in Sources */ = {isa = PBXBuildFile; fileRef = 3DA34E272FFE143DAC8BFAEA /* PlaybackState.swift */; };
		CE7BDCEFA7D953C2B34FEA14 /* SVGDocument.swift in Sources */ = {isa = PBXBuildFile; fileRef = 2534C7FBEFEFBB33B8CDC18D /* SVGDocument.swift */; };
		D0E0344981887BBA0CCC5928 /* LottieOverrides.swift in Sources */ = {isa = PBXBuildFile; fileRef = 052EA62BC9AA94D4D36FB0D9 /* LottieOverrides.swift */; };
		D1A390644F61C9A855C97294 /* DeveloperRootView.swift in Sources */ = {isa = PBXBuildFile; fileRef = E7A8FA3EA6B2294AD518601F /* DeveloperRootView.swift */; };
		D5E6F75B4041C0505107DAB1 /* EditorToolsTests.swift in Sources */ = {isa = PBXBuildFile; fileRef = 682FD1FF9105EED92EBA0251 /* EditorToolsTests.swift */; };
		D8A0D9F942108088FDAF2D5F /* ProjectModels.swift in Sources */ = {isa = PBXBuildFile; fileRef = 2AF62EDD0B0FFE46B32C221A /* ProjectModels.swift */; };
		DBCFE7ED71AE9C5C28B6666B /* Assets.xcassets in Resources */ = {isa = PBXBuildFile; fileRef = 9A6A5CA82266E5FBEEEFA228 /* Assets.xcassets */; };
		DC0ECFA67371CD32DF5BE5FC /* CanonicalizationResultView.swift in Sources */ = {isa = PBXBuildFile; fileRef = 12FAB8B7AA6DD84CC5E28B48 /* CanonicalizationResultView.swift */; };
		DCA5879EC6D30BA8E2C2B9B1 /* AnimationSpecSchema.swift in Sources */ = {isa = PBXBuildFile; fileRef = FB16A07A4680BA538D0602D0 /* AnimationSpecSchema.swift */; };
		DE1796DACE9BB6A3CDA060C6 /* AnimationPlayerView.swift in Sources */ = {isa = PBXBuildFile; fileRef = 18F57BFE09AF7A8CA679365C /* AnimationPlayerView.swift */; };
		DE6954EA4933C64CDA0A2F47 /* AssetFiles.swift in Sources */ = {isa = PBXBuildFile; fileRef = 887D0D1E484444B421230A6E /* AssetFiles.swift */; };
		E01D01B3912CC6C4336E490A /* ContentView.swift in Sources */ = {isa = PBXBuildFile; fileRef = 8AF378D34C6B71B8E881DA25 /* ContentView.swift */; };
		E0BFC8CF9783883DC9A270B9 /* MCPServer.swift in Sources */ = {isa = PBXBuildFile; fileRef = F373B8D0B6FE472C3328F1C8 /* MCPServer.swift */; };
		E184A4A49CCAE44353238962 /* PipelineModels.swift in Sources */ = {isa = PBXBuildFile; fileRef = A92E2A8E2ADA0E60DFA11A83 /* PipelineModels.swift */; };
		E26C8F1F0A1BDC94649CB06C /* viewer in Resources */ = {isa = PBXBuildFile; fileRef = 4DA2F96D3E38F3DEA6095D7B /* viewer */; };
		EA02763EA7C76AA90A19FC19 /* MCPTools.swift in Sources */ = {isa = PBXBuildFile; fileRef = EA3ED4ECE2D76D09D7C68AB4 /* MCPTools.swift */; };
		EB2C2C8241BD9C873D05C3EC /* HTTPServer.swift in Sources */ = {isa = PBXBuildFile; fileRef = 0B784D676F5B07B340B42359 /* HTTPServer.swift */; };
		EC4F9BF62D44F11BB4B84BFE /* IssueResolutionService.swift in Sources */ = {isa = PBXBuildFile; fileRef = F32B195E68678ABD015B4AF9 /* IssueResolutionService.swift */; };
		ED6FC2D661939F304390F241 /* LottieDeveloperMacApp.swift in Sources */ = {isa = PBXBuildFile; fileRef = DC5CB9EF86693DE7580F33C0 /* LottieDeveloperMacApp.swift */; };
		EE0DFD93A4A32458830B6117 /* AnimationSpec.swift in Sources */ = {isa = PBXBuildFile; fileRef = DCE14400D9D4116EB4EF82E6 /* AnimationSpec.swift */; };
		EF1E174D47D273A212B98F02 /* AppDebugFlags.swift in Sources */ = {isa = PBXBuildFile; fileRef = 4F6CCE24D9F0BD953ED69615 /* AppDebugFlags.swift */; };
		F288801CBD4A92D5201E64B4 /* LottieMerge.swift in Sources */ = {isa = PBXBuildFile; fileRef = F7B937F72048FFB6A6CC63C1 /* LottieMerge.swift */; };
		F2A2794AA2FDB5BAD825FE16 /* RollbackService.swift in Sources */ = {isa = PBXBuildFile; fileRef = 43D262E4CB635F802A40DC80 /* RollbackService.swift */; };
		F36E3C7D87F7FA6C780C73CA /* RuntimeGate.swift in Sources */ = {isa = PBXBuildFile; fileRef = E8D90620B4157233C1EB3929 /* RuntimeGate.swift */; };
		F3FDEBE85A8BE14D0E9542A0 /* DevLottiePlayer.swift in Sources */ = {isa = PBXBuildFile; fileRef = E96D05D73572132D1722BC93 /* DevLottiePlayer.swift */; };
		F4F0ED1729A0A45CF9CC8AEE /* L10n.swift in Sources */ = {isa = PBXBuildFile; fileRef = A3E18ABCBFD2EC766D4FF4A6 /* L10n.swift */; };
		F5D0D86854DA8BBD45844912 /* AssetBundle.swift in Sources */ = {isa = PBXBuildFile; fileRef = FFD0F22D98242B6030D8AF48 /* AssetBundle.swift */; };
		FEA0B814429A447728A9806F /* HomeView.swift in Sources */ = {isa = PBXBuildFile; fileRef = 3E336CA1751BB063600CFE4C /* HomeView.swift */; };
/* End PBXBuildFile section */

/* Begin PBXContainerItemProxy section */
		70690ECEFBB8E28B3FFE9851 /* PBXContainerItemProxy */ = {
			isa = PBXContainerItemProxy;
			containerPortal = FF2EE42DA226682311905BC1 /* Project object */;
			proxyType = 1;
			remoteGlobalIDString = F09DF0603482A913A862EA4F;
			remoteInfo = LottieDeveloperMac;
		};
		BC681B6D8E0EB0C66BD8084D /* PBXContainerItemProxy */ = {
			isa = PBXContainerItemProxy;
			containerPortal = FF2EE42DA226682311905BC1 /* Project object */;
			proxyType = 1;
			remoteGlobalIDString = B8ED6621A370D9590AFDFEB1;
			remoteInfo = "lottie-mcp";
		};
/* End PBXContainerItemProxy section */

/* Begin PBXFileReference section */
		0017B4069A322A1C14D21403 /* ImportSourcePickerView.swift */ = {isa = PBXFileReference; lastKnownFileType = sourcecode.swift; path = ImportSourcePickerView.swift; sourceTree = "<group>"; };
		01F13224D1B9ECBAAD20EA8C /* LottieImageLayers.swift */ = {isa = PBXFileReference; lastKnownFileType = sourcecode.swift; path = LottieImageLayers.swift; sourceTree = "<group>"; };
		02E820002D2D9AA2F8156F90 /* ru.lproj */ = {isa = PBXFileReference; path = ru.lproj; sourceTree = "<group>"; };
		03740337974AD3EB7C96ED69 /* CanonicalizationService.swift */ = {isa = PBXFileReference; lastKnownFileType = sourcecode.swift; path = CanonicalizationService.swift; sourceTree = "<group>"; };
		0518925C6D7D7AF5DF09C406 /* LottieDeveloper.app */ = {isa = PBXFileReference; includeInIndex = 0; lastKnownFileType = wrapper.application; path = LottieDeveloper.app; sourceTree = BUILT_PRODUCTS_DIR; };
		052EA62BC9AA94D4D36FB0D9 /* LottieOverrides.swift */ = {isa = PBXFileReference; lastKnownFileType = sourcecode.swift; path = LottieOverrides.swift; sourceTree = "<group>"; };
		074530B7E7C318B3E890914F /* AssetsPanel.swift */ = {isa = PBXFileReference; lastKnownFileType = sourcecode.swift; path = AssetsPanel.swift; sourceTree = "<group>"; };
		0B784D676F5B07B340B42359 /* HTTPServer.swift */ = {isa = PBXFileReference; lastKnownFileType = sourcecode.swift; path = HTTPServer.swift; sourceTree = "<group>"; };
		0D663D76541B079E226C0CCE /* lottie-mcp */ = {isa = PBXFileReference; includeInIndex = 0; path = "lottie-mcp"; sourceTree = BUILT_PRODUCTS_DIR; };
		0DFEF41D5297AE67220AB362 /* OnboardingPage.swift */ = {isa = PBXFileReference; lastKnownFileType = sourcecode.swift; path = OnboardingPage.swift; sourceTree = "<group>"; };
		120066EC9701A9514C8E445A /* PublishSheet.swift */ = {isa = PBXFileReference; lastKnownFileType = sourcecode.swift; path = PublishSheet.swift; sourceTree = "<group>"; };
		12FAB8B7AA6DD84CC5E28B48 /* CanonicalizationResultView.swift */ = {isa = PBXFileReference; lastKnownFileType = sourcecode.swift; path = CanonicalizationResultView.swift; sourceTree = "<group>"; };
		1342279CF870CE6946C522F7 /* WorkspaceSetup.swift */ = {isa = PBXFileReference; lastKnownFileType = sourcecode.swift; path = WorkspaceSetup.swift; sourceTree = "<group>"; };
		14DFA9187CB8DC61B5333CCD /* CompanionRoutes.swift */ = {isa = PBXFileReference; lastKnownFileType = sourcecode.swift; path = CompanionRoutes.swift; sourceTree = "<group>"; };
		18F57BFE09AF7A8CA679365C /* AnimationPlayerView.swift */ = {isa = PBXFileReference; lastKnownFileType = sourcecode.swift; path = AnimationPlayerView.swift; sourceTree = "<group>"; };
		19E2C16C628A31CB7CF8B577 /* RevisionDiffService.swift */ = {isa = PBXFileReference; lastKnownFileType = sourcecode.swift; path = RevisionDiffService.swift; sourceTree = "<group>"; };
		1ACE115475751351F21EFC83 /* RevisionStore.swift */ = {isa = PBXFileReference; lastKnownFileType = sourcecode.swift; path = RevisionStore.swift; sourceTree = "<group>"; };
		1B199A1CCAF4D6A5B89AF4A1 /* OnboardingPageView.swift */ = {isa = PBXFileReference; lastKnownFileType = sourcecode.swift; path = OnboardingPageView.swift; sourceTree = "<group>"; };
		1E117602F91882CECFE7E62A /* QAReportBuilder.swift */ = {isa = PBXFileReference; lastKnownFileType = sourcecode.swift; path = QAReportBuilder.swift; sourceTree = "<group>"; };
		1F84AD6F5F7E995D48BCD24C /* ProjectPlayerView.swift */ = {isa = PBXFileReference; lastKnownFileType = sourcecode.swift; path = ProjectPlayerView.swift; sourceTree = "<group>"; };
		21991C6C51FCBCAF01702B26 /* LottieCompilerTests.xctest */ = {isa = PBXFileReference; explicitFileType = wrapper.cfbundle; includeInIndex = 0; path = LottieCompilerTests.xctest; sourceTree = BUILT_PRODUCTS_DIR; };
		21EDA6BA9CB162AF555CBDB6 /* SyntaxGate.swift */ = {isa = PBXFileReference; lastKnownFileType = sourcecode.swift; path = SyntaxGate.swift; sourceTree = "<group>"; };
		2534C7FBEFEFBB33B8CDC18D /* SVGDocument.swift */ = {isa = PBXFileReference; lastKnownFileType = sourcecode.swift; path = SVGDocument.swift; sourceTree = "<group>"; };
		2736C1457A9C36B412DFD3C3 /* PublishHandoffService.swift */ = {isa = PBXFileReference; lastKnownFileType = sourcecode.swift; path = PublishHandoffService.swift; sourceTree = "<group>"; };
		2AF62EDD0B0FFE46B32C221A /* ProjectModels.swift */ = {isa = PBXFileReference; lastKnownFileType = sourcecode.swift; path = ProjectModels.swift; sourceTree = "<group>"; };
		2C3A178FA18EE34990392D24 /* PipelineRunContext.swift */ = {isa = PBXFileReference; lastKnownFileType = sourcecode.swift; path = PipelineRunContext.swift; sourceTree = "<group>"; };
		2D77551CC12D526334282FE0 /* LottieDeveloper.storekit */ = {isa = PBXFileReference; path = LottieDeveloper.storekit; sourceTree = "<group>"; };
		317C7EC0D68C63A7A96E7137 /* LottieDeveloperApp.swift */ = {isa = PBXFileReference; lastKnownFileType = sourcecode.swift; path = LottieDeveloperApp.swift; sourceTree = "<group>"; };
		32E09C768EBBDE396AE485BD /* PlayerPanels.swift */ = {isa = PBXFileReference; lastKnownFileType = sourcecode.swift; path = PlayerPanels.swift; sourceTree = "<group>"; };
		346F97EE1E9B8E1E2B0C76FC /* ProjectsListView.swift */ = {isa = PBXFileReference; lastKnownFileType = sourcecode.swift; path = ProjectsListView.swift; sourceTree = "<group>"; };
		382BF227E873F1AB3E410501 /* PipelineTransitionRules.swift */ = {isa = PBXFileReference; lastKnownFileType = sourcecode.swift; path = PipelineTransitionRules.swift; sourceTree = "<group>"; };
		3D8B53557E48CEE49E380DB7 /* rocket_static_simplified.json */ = {isa = PBXFileReference; lastKnownFileType = text.json; path = rocket_static_simplified.json; sourceTree = "<group>"; };
		3DA34E272FFE143DAC8BFAEA /* PlaybackState.swift */ = {isa = PBXFileReference; lastKnownFileType = sourcecode.swift; path = PlaybackState.swift; sourceTree = "<group>"; };
		3E336CA1751BB063600CFE4C /* HomeView.swift */ = {isa = PBXFileReference; lastKnownFileType = sourcecode.swift; path = HomeView.swift; sourceTree = "<group>"; };
		3EF0D319D568A9C27471EA4C /* PipelineRunView.swift */ = {isa = PBXFileReference; lastKnownFileType = sourcecode.swift; path = PipelineRunView.swift; sourceTree = "<group>"; };
		43D262E4CB635F802A40DC80 /* RollbackService.swift */ = {isa = PBXFileReference; lastKnownFileType = sourcecode.swift; path = RollbackService.swift; sourceTree = "<group>"; };
		454AC4DF6BDC424B83701A42 /* LottieCanvas.swift */ = {isa = PBXFileReference; lastKnownFileType = sourcecode.swift; path = LottieCanvas.swift; sourceTree = "<group>"; };
		45AC48CACC8779BB46B9E22A /* Exporter.swift */ = {isa = PBXFileReference; lastKnownFileType = sourcecode.swift; path = Exporter.swift; sourceTree = "<group>"; };
		49A5925A3090827C699D471B /* RelayClient.swift */ = {isa = PBXFileReference; lastKnownFileType = sourcecode.swift; path = RelayClient.swift; sourceTree = "<group>"; };
		4DA2F96D3E38F3DEA6095D7B /* viewer */ = {isa = PBXFileReference; lastKnownFileType = folder; name = viewer; path = Sources/Companion/Resources/viewer; sourceTree = SOURCE_ROOT; };
		4F6CCE24D9F0BD953ED69615 /* AppDebugFlags.swift */ = {isa = PBXFileReference; lastKnownFileType = sourcecode.swift; path = AppDebugFlags.swift; sourceTree = "<group>"; };
		555915C7173D710F7D33D037 /* ReleaseCandidateService.swift */ = {isa = PBXFileReference; lastKnownFileType = sourcecode.swift; path = ReleaseCandidateService.swift; sourceTree = "<group>"; };
		586C0A782A122199111F978A /* SVGToLottie.swift */ = {isa = PBXFileReference; lastKnownFileType = sourcecode.swift; path = SVGToLottie.swift; sourceTree = "<group>"; };
		58EC988122AE5CC001AC5DB9 /* CompanionServer.swift */ = {isa = PBXFileReference; lastKnownFileType = sourcecode.swift; path = CompanionServer.swift; sourceTree = "<group>"; };
		5B40E9D5690E71B452195CDD /* main.swift */ = {isa = PBXFileReference; lastKnownFileType = sourcecode.swift; path = main.swift; sourceTree = "<group>"; };
		682FD1FF9105EED92EBA0251 /* EditorToolsTests.swift */ = {isa = PBXFileReference; lastKnownFileType = sourcecode.swift; path = EditorToolsTests.swift; sourceTree = "<group>"; };
		6CFB1EF0178CD394407CB18D /* PipelineEnums.swift */ = {isa = PBXFileReference; lastKnownFileType = sourcecode.swift; path = PipelineEnums.swift; sourceTree = "<group>"; };
		6DF1CB8BA12C83362C1422D9 /* PrivacyInfo.xcprivacy */ = {isa = PBXFileReference; path = PrivacyInfo.xcprivacy; sourceTree = "<group>"; };
		70A9CC870838DD4765EE0CE2 /* QAReportView.swift */ = {isa = PBXFileReference; lastKnownFileType = sourcecode.swift; path = QAReportView.swift; sourceTree = "<group>"; };
		70B3B9C6F47B279A03F8879F /* BackgroundSheet.swift */ = {isa = PBXFileReference; lastKnownFileType = sourcecode.swift; path = BackgroundSheet.swift; sourceTree = "<group>"; };
		769C1C108BFE4605E17525AA /* PurchaseStore.swift */ = {isa = PBXFileReference; lastKnownFileType = sourcecode.swift; path = PurchaseStore.swift; sourceTree = "<group>"; };
		79528051C0F2D3AEB67F24CD /* PromptSpecInputView.swift */ = {isa = PBXFileReference; lastKnownFileType = sourcecode.swift; path = PromptSpecInputView.swift; sourceTree = "<group>"; };
		7CB257DB5B46F59853B63D69 /* ProjectStore.swift */ = {isa = PBXFileReference; lastKnownFileType = sourcecode.swift; path = ProjectStore.swift; sourceTree = "<group>"; };
		7EFB1868E387421D94AA81E7 /* ReleaseCandidateView.swift */ = {isa = PBXFileReference; lastKnownFileType = sourcecode.swift; path = ReleaseCandidateView.swift; sourceTree = "<group>"; };
		804C3678E066DFAB34B52851 /* GateResultsCard.swift */ = {isa = PBXFileReference; lastKnownFileType = sourcecode.swift; path = GateResultsCard.swift; sourceTree = "<group>"; };
		806199EFC405F6336CE025E4 /* demo_animation.json */ = {isa = PBXFileReference; lastKnownFileType = text.json; path = demo_animation.json; sourceTree = "<group>"; };
		85DA8974432AA92AE5143D6C /* LottieRuntimeValidator.swift */ = {isa = PBXFileReference; lastKnownFileType = sourcecode.swift; path = LottieRuntimeValidator.swift; sourceTree = "<group>"; };
		87FFA8637217BF63F13D4F7E /* RevisionHistoryView.swift */ = {isa = PBXFileReference; lastKnownFileType = sourcecode.swift; path = RevisionHistoryView.swift; sourceTree = "<group>"; };
		887D0D1E484444B421230A6E /* AssetFiles.swift */ = {isa = PBXFileReference; lastKnownFileType = sourcecode.swift; path = AssetFiles.swift; sourceTree = "<group>"; };
		8AF378D34C6B71B8E881DA25 /* ContentView.swift */ = {isa = PBXFileReference; lastKnownFileType = sourcecode.swift; path = ContentView.swift; sourceTree = "<group>"; };
		8D08A84A19D6C78A0766B75A /* SKILL.md */ = {isa = PBXFileReference; lastKnownFileType = net.daringfireball.markdown; path = SKILL.md; sourceTree = "<group>"; };
		945C59E8559C087E0901E265 /* EditorView.swift */ = {isa = PBXFileReference; lastKnownFileType = sourcecode.swift; path = EditorView.swift; sourceTree = "<group>"; };
		955EC145A88132A2DC8AC499 /* PaywallView.swift */ = {isa = PBXFileReference; lastKnownFileType = sourcecode.swift; path = PaywallView.swift; sourceTree = "<group>"; };
		9A6A5CA82266E5FBEEEFA228 /* Assets.xcassets */ = {isa = PBXFileReference; lastKnownFileType = folder.assetcatalog; path = Assets.xcassets; sourceTree = "<group>"; };
		9D78A71D68C0A593DC9BC46F /* SVGSnapshotRenderer.swift */ = {isa = PBXFileReference; lastKnownFileType = sourcecode.swift; path = SVGSnapshotRenderer.swift; sourceTree = "<group>"; };
		A0E6D5DD9CA7D4A776D9BB3F /* PlayerModel.swift */ = {isa = PBXFileReference; lastKnownFileType = sourcecode.swift; path = PlayerModel.swift; sourceTree = "<group>"; };
		A3E18ABCBFD2EC766D4FF4A6 /* L10n.swift */ = {isa = PBXFileReference; lastKnownFileType = sourcecode.swift; path = L10n.swift; sourceTree = "<group>"; };
		A92E2A8E2ADA0E60DFA11A83 /* PipelineModels.swift */ = {isa = PBXFileReference; lastKnownFileType = sourcecode.swift; path = PipelineModels.swift; sourceTree = "<group>"; };
		AC64D92C434D99E2176BDFEA /* LottieCompiler.swift */ = {isa = PBXFileReference; lastKnownFileType = sourcecode.swift; path = LottieCompiler.swift; sourceTree = "<group>"; };
		ADF2D1812087D1A07DBDD5DA /* ChecksumService.swift */ = {isa = PBXFileReference; lastKnownFileType = sourcecode.swift; path = ChecksumService.swift; sourceTree = "<group>"; };
		B40884352487A3077902C735 /* LottieCompilerTests.swift */ = {isa = PBXFileReference; lastKnownFileType = sourcecode.swift; path = LottieCompilerTests.swift; sourceTree = "<group>"; };
		C10BAEA1B02D4F6088BF285D /* CheckerboardBackground.swift */ = {isa = PBXFileReference; lastKnownFileType = sourcecode.swift; path = CheckerboardBackground.swift; sourceTree = "<group>"; };
		C747BE8CB8E54ECBCB08BE2E /* MotionSemanticGate.swift */ = {isa = PBXFileReference; lastKnownFileType = sourcecode.swift; path = MotionSemanticGate.swift; sourceTree = "<group>"; };
		C916981ABA1B9D2E6E6B15AA /* FeedbackPanel.swift */ = {isa = PBXFileReference; lastKnownFileType = sourcecode.swift; path = FeedbackPanel.swift; sourceTree = "<group>"; };
		C97A29245F3E2C247655D631 /* LottiePreviewView.swift */ = {isa = PBXFileReference; lastKnownFileType = sourcecode.swift; path = LottiePreviewView.swift; sourceTree = "<group>"; };
		CB0E9FAF07269BDC49513A3B /* en.lproj */ = {isa = PBXFileReference; path = en.lproj; sourceTree = "<group>"; };
		D00CAD993588044AA4E115FB /* HTTPTypes.swift */ = {isa = PBXFileReference; lastKnownFileType = sourcecode.swift; path = HTTPTypes.swift; sourceTree = "<group>"; };
		D00E525636060B514282E4A3 /* PipelineOrchestrator.swift */ = {isa = PBXFileReference; lastKnownFileType = sourcecode.swift; path = PipelineOrchestrator.swift; sourceTree = "<group>"; };
		D245BE4D8C29DE1E7CA0ACDF /* FrameRenderer.swift */ = {isa = PBXFileReference; lastKnownFileType = sourcecode.swift; path = FrameRenderer.swift; sourceTree = "<group>"; };
		D37C5ED4094DDA896EDD9A6D /* OnboardingView.swift */ = {isa = PBXFileReference; lastKnownFileType = sourcecode.swift; path = OnboardingView.swift; sourceTree = "<group>"; };
		D39549059849D69D271A9781 /* AnimationStore.swift */ = {isa = PBXFileReference; lastKnownFileType = sourcecode.swift; path = AnimationStore.swift; sourceTree = "<group>"; };
		D53B73B54CFFB67D1259988D /* ClaudeConnectView.swift */ = {isa = PBXFileReference; lastKnownFileType = sourcecode.swift; path = ClaudeConnectView.swift; sourceTree = "<group>"; };
		D99797080100D2332F627ED0 /* Workspace */ = {isa = PBXFileReference; lastKnownFileType = folder; name = Workspace; path = Sources/Resources/Workspace; sourceTree = SOURCE_ROOT; };
		DB60AFE266A6F7F6A4B0677C /* AnimationLibraryView.swift */ = {isa = PBXFileReference; lastKnownFileType = sourcecode.swift; path = AnimationLibraryView.swift; sourceTree = "<group>"; };
		DC5CB9EF86693DE7580F33C0 /* LottieDeveloperMacApp.swift */ = {isa = PBXFileReference; lastKnownFileType = sourcecode.swift; path = LottieDeveloperMacApp.swift; sourceTree = "<group>"; };
		DCE14400D9D4116EB4EF82E6 /* AnimationSpec.swift */ = {isa = PBXFileReference; lastKnownFileType = sourcecode.swift; path = AnimationSpec.swift; sourceTree = "<group>"; };
		DE631FD15EAD0E5C992EB845 /* AnimationItem.swift */ = {isa = PBXFileReference; lastKnownFileType = sourcecode.swift; path = AnimationItem.swift; sourceTree = "<group>"; };
		DEEE2F1ACDFB4530F8F766F2 /* RelayFrames.swift */ = {isa = PBXFileReference; lastKnownFileType = sourcecode.swift; path = RelayFrames.swift; sourceTree = "<group>"; };
		E3F457F0D1FC6B946F568AF6 /* LottieAnimationUIView.swift */ = {isa = PBXFileReference; lastKnownFileType = sourcecode.swift; path = LottieAnimationUIView.swift; sourceTree = "<group>"; };
		E7A8FA3EA6B2294AD518601F /* DeveloperRootView.swift */ = {isa = PBXFileReference; lastKnownFileType = sourcecode.swift; path = DeveloperRootView.swift; sourceTree = "<group>"; };
		E8A97C5D8F44BBE00AFF359F /* PipelineStatusView.swift */ = {isa = PBXFileReference; lastKnownFileType = sourcecode.swift; path = PipelineStatusView.swift; sourceTree = "<group>"; };
		E8D90620B4157233C1EB3929 /* RuntimeGate.swift */ = {isa = PBXFileReference; lastKnownFileType = sourcecode.swift; path = RuntimeGate.swift; sourceTree = "<group>"; };
		E96D05D73572132D1722BC93 /* DevLottiePlayer.swift */ = {isa = PBXFileReference; lastKnownFileType = sourcecode.swift; path = DevLottiePlayer.swift; sourceTree = "<group>"; };
		EA3ED4ECE2D76D09D7C68AB4 /* MCPTools.swift */ = {isa = PBXFileReference; lastKnownFileType = sourcecode.swift; path = MCPTools.swift; sourceTree = "<group>"; };
		EF619DF701EFC93464584D45 /* RangeSlider.swift */ = {isa = PBXFileReference; lastKnownFileType = sourcecode.swift; path = RangeSlider.swift; sourceTree = "<group>"; };
		F32B195E68678ABD015B4AF9 /* IssueResolutionService.swift */ = {isa = PBXFileReference; lastKnownFileType = sourcecode.swift; path = IssueResolutionService.swift; sourceTree = "<group>"; };
		F373B8D0B6FE472C3328F1C8 /* MCPServer.swift */ = {isa = PBXFileReference; lastKnownFileType = sourcecode.swift; path = MCPServer.swift; sourceTree = "<group>"; };
		F7B937F72048FFB6A6CC63C1 /* LottieMerge.swift */ = {isa = PBXFileReference; lastKnownFileType = sourcecode.swift; path = LottieMerge.swift; sourceTree = "<group>"; };
		FAB9C9D0D0AC63294EABA679 /* RelayFramesTests.swift */ = {isa = PBXFileReference; lastKnownFileType = sourcecode.swift; path = RelayFramesTests.swift; sourceTree = "<group>"; };
		FB16A07A4680BA538D0602D0 /* AnimationSpecSchema.swift */ = {isa = PBXFileReference; lastKnownFileType = sourcecode.swift; path = AnimationSpecSchema.swift; sourceTree = "<group>"; };
		FBE73F10F98ABAF464580906 /* LegalView.swift */ = {isa = PBXFileReference; lastKnownFileType = sourcecode.swift; path = LegalView.swift; sourceTree = "<group>"; };
		FE6590A62D7586A1AAC7B1B7 /* LottieDeveloperMac.app */ = {isa = PBXFileReference; explicitFileType = wrapper.application; includeInIndex = 0; path = LottieDeveloperMac.app; sourceTree = BUILT_PRODUCTS_DIR; };
		FE88A82BB0BD1B3A946399E3 /* IssueResolutionPanel.swift */ = {isa = PBXFileReference; lastKnownFileType = sourcecode.swift; path = IssueResolutionPanel.swift; sourceTree = "<group>"; };
		FFD0F22D98242B6030D8AF48 /* AssetBundle.swift */ = {isa = PBXFileReference; lastKnownFileType = sourcecode.swift; path = AssetBundle.swift; sourceTree = "<group>"; };
/* End PBXFileReference section */

/* Begin PBXFrameworksBuildPhase section */
		0D2B41BDAD8619E06D847D0B /* Frameworks */ = {
			isa = PBXFrameworksBuildPhase;
			buildActionMask = 2147483647;
			files = (
				C11A2CB611E2BC4D6CBBD427 /* Lottie in Frameworks */,
			);
			runOnlyForDeploymentPostprocessing = 0;
		};
		9B654D7BBFE025A5E786BAC0 /* Frameworks */ = {
			isa = PBXFrameworksBuildPhase;
			buildActionMask = 2147483647;
			files = (
				73A3784EBEC53BBADF7A4695 /* Lottie in Frameworks */,
			);
			runOnlyForDeploymentPostprocessing = 0;
		};
		F41D31F47974A259E3F4EE3C /* Frameworks */ = {
			isa = PBXFrameworksBuildPhase;
			buildActionMask = 2147483647;
			files = (
				5C30ACE719093EA118380E19 /* Lottie in Frameworks */,
				4832898E303CF4B3A6F7404D /* ZIPFoundation in Frameworks */,
			);
			runOnlyForDeploymentPostprocessing = 0;
		};
/* End PBXFrameworksBuildPhase section */

/* Begin PBXGroup section */
		050AEC50FAC6EB2E00A68362 /* Canonicalization */ = {
			isa = PBXGroup;
			children = (
				03740337974AD3EB7C96ED69 /* CanonicalizationService.swift */,
				9D78A71D68C0A593DC9BC46F /* SVGSnapshotRenderer.swift */,
			);
			path = Canonicalization;
			sourceTree = "<group>";
		};
		06459EFC7485E68B1550D77B /* Shared */ = {
			isa = PBXGroup;
			children = (
				FFD0F22D98242B6030D8AF48 /* AssetBundle.swift */,
				887D0D1E484444B421230A6E /* AssetFiles.swift */,
				D245BE4D8C29DE1E7CA0ACDF /* FrameRenderer.swift */,
				01F13224D1B9ECBAAD20EA8C /* LottieImageLayers.swift */,
				F7B937F72048FFB6A6CC63C1 /* LottieMerge.swift */,
				052EA62BC9AA94D4D36FB0D9 /* LottieOverrides.swift */,
				DEEE2F1ACDFB4530F8F766F2 /* RelayFrames.swift */,
				2534C7FBEFEFBB33B8CDC18D /* SVGDocument.swift */,
			);
			path = Shared;
			sourceTree = "<group>";
		};
		0BD335F98F192968D4D3E345 = {
			isa = PBXGroup;
			children = (
				4DA2F96D3E38F3DEA6095D7B /* viewer */,
				D99797080100D2332F627ED0 /* Workspace */,
				E9CBFE1136210ECF67310F42 /* animate */,
				AD5D5177429AA9DB06B8D13C /* Companion */,
				844F36F012F049D43FB13DBC /* macOS */,
				1C104B7109F38EEEB12FDAD1 /* MCP */,
				40566BB3F9B11DFF40610916 /* Resources */,
				942B167E322EFC2AF6EBEE18 /* Sources */,
				A7D594DEFED37786C9465E6D /* Tests */,
				D3C4C97F67EA165001A35E18 /* Products */,
			);
			sourceTree = "<group>";
		};
		18B296623D9A9B6D4AC78D81 /* Import */ = {
			isa = PBXGroup;
			children = (
				12FAB8B7AA6DD84CC5E28B48 /* CanonicalizationResultView.swift */,
				0017B4069A322A1C14D21403 /* ImportSourcePickerView.swift */,
				79528051C0F2D3AEB67F24CD /* PromptSpecInputView.swift */,
			);
			path = Import;
			sourceTree = "<group>";
		};
		1C104B7109F38EEEB12FDAD1 /* MCP */ = {
			isa = PBXGroup;
			children = (
				5B40E9D5690E71B452195CDD /* main.swift */,
				F373B8D0B6FE472C3328F1C8 /* MCPServer.swift */,
				EA3ED4ECE2D76D09D7C68AB4 /* MCPTools.swift */,
			);
			name = MCP;
			path = Sources/MCP;
			sourceTree = "<group>";
		};
		1E10AEC37075EBDAFE5B75DD /* Components */ = {
			isa = PBXGroup;
			children = (
				C10BAEA1B02D4F6088BF285D /* CheckerboardBackground.swift */,
				EF619DF701EFC93464584D45 /* RangeSlider.swift */,
			);
			path = Components;
			sourceTree = "<group>";
		};
		1ED5C443028F77588E29CB0E /* Spec */ = {
			isa = PBXGroup;
			children = (
				DCE14400D9D4116EB4EF82E6 /* AnimationSpec.swift */,
				FB16A07A4680BA538D0602D0 /* AnimationSpecSchema.swift */,
				AC64D92C434D99E2176BDFEA /* LottieCompiler.swift */,
			);
			path = Spec;
			sourceTree = "<group>";
		};
		40566BB3F9B11DFF40610916 /* Resources */ = {
			isa = PBXGroup;
			children = (
				806199EFC405F6336CE025E4 /* demo_animation.json */,
				CB0E9FAF07269BDC49513A3B /* en.lproj */,
				3D8B53557E48CEE49E380DB7 /* rocket_static_simplified.json */,
				02E820002D2D9AA2F8156F90 /* ru.lproj */,
			);
			name = Resources;
			path = Sources/Resources;
			sourceTree = "<group>";
		};
		48FF9411802417F31A35C646 /* Localization */ = {
			isa = PBXGroup;
			children = (
				A3E18ABCBFD2EC766D4FF4A6 /* L10n.swift */,
			);
			path = Localization;
			sourceTree = "<group>";
		};
		56CBF518C5AE1F1362A2B2EE /* Gates */ = {
			isa = PBXGroup;
			children = (
				C747BE8CB8E54ECBCB08BE2E /* MotionSemanticGate.swift */,
				1E117602F91882CECFE7E62A /* QAReportBuilder.swift */,
				E8D90620B4157233C1EB3929 /* RuntimeGate.swift */,
				21EDA6BA9CB162AF555CBDB6 /* SyntaxGate.swift */,
			);
			path = Gates;
			sourceTree = "<group>";
		};
		585E3C01B4E4DF4AD45A6AF9 /* AI */ = {
			isa = PBXGroup;
			children = (
				1ED5C443028F77588E29CB0E /* Spec */,
			);
			path = AI;
			sourceTree = "<group>";
		};
		5C1B9C1F294FDC1B15167600 /* Pipeline */ = {
			isa = PBXGroup;
			children = (
				050AEC50FAC6EB2E00A68362 /* Canonicalization */,
				56CBF518C5AE1F1362A2B2EE /* Gates */,
				8771ABB9B6EE7661FFDEDBF2 /* Models */,
				F9E6B6B110583FA740A01B6D /* Orchestration */,
				CFFB8C9C75F9050A6B240FAD /* Release */,
				99E8C74C698FBCB6D80591F4 /* Resolution */,
				86C75F80BA307E6A93721499 /* Storage */,
			);
			path = Pipeline;
			sourceTree = "<group>";
		};
		70F581ACD34A95289B4CB3D8 /* Paywall */ = {
			isa = PBXGroup;
			children = (
				955EC145A88132A2DC8AC499 /* PaywallView.swift */,
			);
			path = Paywall;
			sourceTree = "<group>";
		};
		71EE296B4F15E1498AFA9908 /* Onboarding */ = {
			isa = PBXGroup;
			children = (
				1B199A1CCAF4D6A5B89AF4A1 /* OnboardingPageView.swift */,
				D37C5ED4094DDA896EDD9A6D /* OnboardingView.swift */,
			);
			path = Onboarding;
			sourceTree = "<group>";
		};
		7FC3D1C21AAAAA75578641C5 /* Config */ = {
			isa = PBXGroup;
			children = (
				4F6CCE24D9F0BD953ED69615 /* AppDebugFlags.swift */,
			);
			path = Config;
			sourceTree = "<group>";
		};
		80D026C4E0D6FA42152FE407 /* Views */ = {
			isa = PBXGroup;
			children = (
				DB60AFE266A6F7F6A4B0677C /* AnimationLibraryView.swift */,
				18F57BFE09AF7A8CA679365C /* AnimationPlayerView.swift */,
				E3F457F0D1FC6B946F568AF6 /* LottieAnimationUIView.swift */,
				1E10AEC37075EBDAFE5B75DD /* Components */,
				90DAA21630F232D342DCDD89 /* Developer */,
				18B296623D9A9B6D4AC78D81 /* Import */,
				82F36F77D2E1B335E912C335 /* Legal */,
				71EE296B4F15E1498AFA9908 /* Onboarding */,
				70F581ACD34A95289B4CB3D8 /* Paywall */,
				DE0447B16112CB08397C8123 /* Pipeline */,
			);
			path = Views;
			sourceTree = "<group>";
		};
		82F36F77D2E1B335E912C335 /* Legal */ = {
			isa = PBXGroup;
			children = (
				FBE73F10F98ABAF464580906 /* LegalView.swift */,
			);
			path = Legal;
			sourceTree = "<group>";
		};
		844F36F012F049D43FB13DBC /* macOS */ = {
			isa = PBXGroup;
			children = (
				8AF378D34C6B71B8E881DA25 /* ContentView.swift */,
				945C59E8559C087E0901E265 /* EditorView.swift */,
				3E336CA1751BB063600CFE4C /* HomeView.swift */,
				DC5CB9EF86693DE7580F33C0 /* LottieDeveloperMacApp.swift */,
				C97A29245F3E2C247655D631 /* LottiePreviewView.swift */,
				85DA8974432AA92AE5143D6C /* LottieRuntimeValidator.swift */,
				2AF62EDD0B0FFE46B32C221A /* ProjectModels.swift */,
				7CB257DB5B46F59853B63D69 /* ProjectStore.swift */,
				586C0A782A122199111F978A /* SVGToLottie.swift */,
				1342279CF870CE6946C522F7 /* WorkspaceSetup.swift */,
				F9904F9DA59669F99412F704 /* Player */,
			);
			name = macOS;
			path = Sources/macOS;
			sourceTree = "<group>";
		};
		86C75F80BA307E6A93721499 /* Storage */ = {
			isa = PBXGroup;
			children = (
				1ACE115475751351F21EFC83 /* RevisionStore.swift */,
			);
			path = Storage;
			sourceTree = "<group>";
		};
		8771ABB9B6EE7661FFDEDBF2 /* Models */ = {
			isa = PBXGroup;
			children = (
				6CFB1EF0178CD394407CB18D /* PipelineEnums.swift */,
				A92E2A8E2ADA0E60DFA11A83 /* PipelineModels.swift */,
			);
			path = Models;
			sourceTree = "<group>";
		};
		8A0100CB99A540085B9A5640 /* Models */ = {
			isa = PBXGroup;
			children = (
				DE631FD15EAD0E5C992EB845 /* AnimationItem.swift */,
				0DFEF41D5297AE67220AB362 /* OnboardingPage.swift */,
				3DA34E272FFE143DAC8BFAEA /* PlaybackState.swift */,
			);
			path = Models;
			sourceTree = "<group>";
		};
		90DAA21630F232D342DCDD89 /* Developer */ = {
			isa = PBXGroup;
			children = (
				70B3B9C6F47B279A03F8879F /* BackgroundSheet.swift */,
				D53B73B54CFFB67D1259988D /* ClaudeConnectView.swift */,
				E7A8FA3EA6B2294AD518601F /* DeveloperRootView.swift */,
				E96D05D73572132D1722BC93 /* DevLottiePlayer.swift */,
				1F84AD6F5F7E995D48BCD24C /* ProjectPlayerView.swift */,
				346F97EE1E9B8E1E2B0C76FC /* ProjectsListView.swift */,
			);
			path = Developer;
			sourceTree = "<group>";
		};
		942B167E322EFC2AF6EBEE18 /* Sources */ = {
			isa = PBXGroup;
			children = (
				9A6A5CA82266E5FBEEEFA228 /* Assets.xcassets */,
				317C7EC0D68C63A7A96E7137 /* LottieDeveloperApp.swift */,
				6DF1CB8BA12C83362C1422D9 /* PrivacyInfo.xcprivacy */,
				585E3C01B4E4DF4AD45A6AF9 /* AI */,
				7FC3D1C21AAAAA75578641C5 /* Config */,
				48FF9411802417F31A35C646 /* Localization */,
				8A0100CB99A540085B9A5640 /* Models */,
				5C1B9C1F294FDC1B15167600 /* Pipeline */,
				06459EFC7485E68B1550D77B /* Shared */,
				D8811DB24F63D5E07AA84244 /* Store */,
				80D026C4E0D6FA42152FE407 /* Views */,
			);
			path = Sources;
			sourceTree = "<group>";
		};
		99E8C74C698FBCB6D80591F4 /* Resolution */ = {
			isa = PBXGroup;
			children = (
				F32B195E68678ABD015B4AF9 /* IssueResolutionService.swift */,
				19E2C16C628A31CB7CF8B577 /* RevisionDiffService.swift */,
				43D262E4CB635F802A40DC80 /* RollbackService.swift */,
			);
			path = Resolution;
			sourceTree = "<group>";
		};
		A7D594DEFED37786C9465E6D /* Tests */ = {
			isa = PBXGroup;
			children = (
				682FD1FF9105EED92EBA0251 /* EditorToolsTests.swift */,
				B40884352487A3077902C735 /* LottieCompilerTests.swift */,
				FAB9C9D0D0AC63294EABA679 /* RelayFramesTests.swift */,
			);
			path = Tests;
			sourceTree = "<group>";
		};
		AD5D5177429AA9DB06B8D13C /* Companion */ = {
			isa = PBXGroup;
			children = (
				14DFA9187CB8DC61B5333CCD /* CompanionRoutes.swift */,
				58EC988122AE5CC001AC5DB9 /* CompanionServer.swift */,
				0B784D676F5B07B340B42359 /* HTTPServer.swift */,
				D00CAD993588044AA4E115FB /* HTTPTypes.swift */,
				49A5925A3090827C699D471B /* RelayClient.swift */,
			);
			name = Companion;
			path = Sources/Companion;
			sourceTree = "<group>";
		};
		CFFB8C9C75F9050A6B240FAD /* Release */ = {
			isa = PBXGroup;
			children = (
				ADF2D1812087D1A07DBDD5DA /* ChecksumService.swift */,
				2736C1457A9C36B412DFD3C3 /* PublishHandoffService.swift */,
				555915C7173D710F7D33D037 /* ReleaseCandidateService.swift */,
			);
			path = Release;
			sourceTree = "<group>";
		};
		D3C4C97F67EA165001A35E18 /* Products */ = {
			isa = PBXGroup;
			children = (
				0D663D76541B079E226C0CCE /* lottie-mcp */,
				21991C6C51FCBCAF01702B26 /* LottieCompilerTests.xctest */,
				0518925C6D7D7AF5DF09C406 /* LottieDeveloper.app */,
				FE6590A62D7586A1AAC7B1B7 /* LottieDeveloperMac.app */,
			);
			name = Products;
			sourceTree = "<group>";
		};
		D8811DB24F63D5E07AA84244 /* Store */ = {
			isa = PBXGroup;
			children = (
				D39549059849D69D271A9781 /* AnimationStore.swift */,
				2D77551CC12D526334282FE0 /* LottieDeveloper.storekit */,
				769C1C108BFE4605E17525AA /* PurchaseStore.swift */,
			);
			path = Store;
			sourceTree = "<group>";
		};
		DE0447B16112CB08397C8123 /* Pipeline */ = {
			isa = PBXGroup;
			children = (
				804C3678E066DFAB34B52851 /* GateResultsCard.swift */,
				FE88A82BB0BD1B3A946399E3 /* IssueResolutionPanel.swift */,
				3EF0D319D568A9C27471EA4C /* PipelineRunView.swift */,
				E8A97C5D8F44BBE00AFF359F /* PipelineStatusView.swift */,
				120066EC9701A9514C8E445A /* PublishSheet.swift */,
				70A9CC870838DD4765EE0CE2 /* QAReportView.swift */,
				7EFB1868E387421D94AA81E7 /* ReleaseCandidateView.swift */,
				87FFA8637217BF63F13D4F7E /* RevisionHistoryView.swift */,
			);
			path = Pipeline;
			sourceTree = "<group>";
		};
		E9CBFE1136210ECF67310F42 /* animate */ = {
			isa = PBXGroup;
			children = (
				8D08A84A19D6C78A0766B75A /* SKILL.md */,
			);
			name = animate;
			path = .claude/skills/animate;
			sourceTree = "<group>";
		};
		F9904F9DA59669F99412F704 /* Player */ = {
			isa = PBXGroup;
			children = (
				074530B7E7C318B3E890914F /* AssetsPanel.swift */,
				45AC48CACC8779BB46B9E22A /* Exporter.swift */,
				C916981ABA1B9D2E6E6B15AA /* FeedbackPanel.swift */,
				454AC4DF6BDC424B83701A42 /* LottieCanvas.swift */,
				A0E6D5DD9CA7D4A776D9BB3F /* PlayerModel.swift */,
				32E09C768EBBDE396AE485BD /* PlayerPanels.swift */,
			);
			path = Player;
			sourceTree = "<group>";
		};
		F9E6B6B110583FA740A01B6D /* Orchestration */ = {
			isa = PBXGroup;
			children = (
				D00E525636060B514282E4A3 /* PipelineOrchestrator.swift */,
				2C3A178FA18EE34990392D24 /* PipelineRunContext.swift */,
				382BF227E873F1AB3E410501 /* PipelineTransitionRules.swift */,
			);
			path = Orchestration;
			sourceTree = "<group>";
		};
/* End PBXGroup section */

/* Begin PBXNativeTarget section */
		57A0C7DEDD248AF5B7B19303 /* LottieCompilerTests */ = {
			isa = PBXNativeTarget;
			buildConfigurationList = B49CBB49ABC34A9F8FC40622 /* Build configuration list for PBXNativeTarget "LottieCompilerTests" */;
			buildPhases = (
				6825179B2BD73EB0F5AFF330 /* Sources */,
			);
			buildRules = (
			);
			dependencies = (
				D39AB80FD60F0965A14E5B2C /* PBXTargetDependency */,
			);
			name = LottieCompilerTests;
			packageProductDependencies = (
			);
			productName = LottieCompilerTests;
			productReference = 21991C6C51FCBCAF01702B26 /* LottieCompilerTests.xctest */;
			productType = "com.apple.product-type.bundle.unit-test";
		};
		B40CA5BCBC82454A87AC206C /* LottieDeveloper */ = {
			isa = PBXNativeTarget;
			buildConfigurationList = BA5B695E757B218A5C1911D8 /* Build configuration list for PBXNativeTarget "LottieDeveloper" */;
			buildPhases = (
				88B987E5328AF96B9FE1478B /* Sources */,
				000C94A3772EB54EDC3BC792 /* Resources */,
				F41D31F47974A259E3F4EE3C /* Frameworks */,
			);
			buildRules = (
			);
			dependencies = (
			);
			name = LottieDeveloper;
			packageProductDependencies = (
				0EC0BE20CEC664BB897D452A /* Lottie */,
				1423BB27F743B13F1541652C /* ZIPFoundation */,
			);
			productName = LottieDeveloper;
			productReference = 0518925C6D7D7AF5DF09C406 /* LottieDeveloper.app */;
			productType = "com.apple.product-type.application";
		};
		B8ED6621A370D9590AFDFEB1 /* lottie-mcp */ = {
			isa = PBXNativeTarget;
			buildConfigurationList = 99EE74F5A9AFFFBE39237D36 /* Build configuration list for PBXNativeTarget "lottie-mcp" */;
			buildPhases = (
				B434AE707FCD1AD0D014908A /* Sources */,
				9B654D7BBFE025A5E786BAC0 /* Frameworks */,
			);
			buildRules = (
			);
			dependencies = (
			);
			name = "lottie-mcp";
			packageProductDependencies = (
				F56071E7FD9FEF5F5707B215 /* Lottie */,
			);
			productName = "lottie-mcp";
			productReference = 0D663D76541B079E226C0CCE /* lottie-mcp */;
			productType = "com.apple.product-type.tool";
		};
		F09DF0603482A913A862EA4F /* LottieDeveloperMac */ = {
			isa = PBXNativeTarget;
			buildConfigurationList = B878B3129404AEBA6D1BC107 /* Build configuration list for PBXNativeTarget "LottieDeveloperMac" */;
			buildPhases = (
				A10782A26CBBADD7CFD59E6B /* Sources */,
				3302BC8712E9481965A5E8D0 /* Resources */,
				0D2B41BDAD8619E06D847D0B /* Frameworks */,
				55E4478E0AC6C53A73F7810A /* Embed lottie-mcp */,
			);
			buildRules = (
			);
			dependencies = (
				B9715D5110E04A9F9D531881 /* PBXTargetDependency */,
			);
			name = LottieDeveloperMac;
			packageProductDependencies = (
				89D988112581D90066ABE88E /* Lottie */,
			);
			productName = LottieDeveloperMac;
			productReference = FE6590A62D7586A1AAC7B1B7 /* LottieDeveloperMac.app */;
			productType = "com.apple.product-type.application";
		};
/* End PBXNativeTarget section */

/* Begin PBXProject section */
		FF2EE42DA226682311905BC1 /* Project object */ = {
			isa = PBXProject;
			attributes = {
				BuildIndependentTargetsInParallel = YES;
				LastUpgradeCheck = 1430;
				TargetAttributes = {
					57A0C7DEDD248AF5B7B19303 = {
						DevelopmentTeam = LWV5ZRPC43;
						ProvisioningStyle = Automatic;
					};
					B40CA5BCBC82454A87AC206C = {
						DevelopmentTeam = LWV5ZRPC43;
						ProvisioningStyle = Automatic;
					};
					B8ED6621A370D9590AFDFEB1 = {
						DevelopmentTeam = LWV5ZRPC43;
						ProvisioningStyle = Automatic;
					};
					F09DF0603482A913A862EA4F = {
						DevelopmentTeam = LWV5ZRPC43;
						ProvisioningStyle = Automatic;
					};
				};
			};
			buildConfigurationList = EA9FF1AEDC5A29E2E9FD3847 /* Build configuration list for PBXProject "LottieDeveloper" */;
			compatibilityVersion = "Xcode 14.0";
			developmentRegion = en;
			hasScannedForEncodings = 0;
			knownRegions = (
				Base,
				en,
			);
			mainGroup = 0BD335F98F192968D4D3E345;
			minimizedProjectReferenceProxies = 1;
			packageReferences = (
				E17FF3EDC9C82AF3DB0BB51C /* XCRemoteSwiftPackageReference "lottie-ios" */,
				13928DA8F085DB71F8AA084C /* XCRemoteSwiftPackageReference "ZIPFoundation" */,
			);
			preferredProjectObjectVersion = 77;
			projectDirPath = "";
			projectRoot = "";
			targets = (
				57A0C7DEDD248AF5B7B19303 /* LottieCompilerTests */,
				B40CA5BCBC82454A87AC206C /* LottieDeveloper */,
				F09DF0603482A913A862EA4F /* LottieDeveloperMac */,
				B8ED6621A370D9590AFDFEB1 /* lottie-mcp */,
			);
		};
/* End PBXProject section */

/* Begin PBXResourcesBuildPhase section */
		000C94A3772EB54EDC3BC792 /* Resources */ = {
			isa = PBXResourcesBuildPhase;
			buildActionMask = 2147483647;
			files = (
				DBCFE7ED71AE9C5C28B6666B /* Assets.xcassets in Resources */,
				2A458AC5AE701FA235B83AAD /* LottieDeveloper.storekit in Resources */,
				1BB6B8FECBAE415A03EC171A /* PrivacyInfo.xcprivacy in Resources */,
				5B6899C0124958F16893F2E3 /* demo_animation.json in Resources */,
				7AD4C137362519A89904118E /* en.lproj in Resources */,
				4D77F1B20B8206AE5C116CD6 /* rocket_static_simplified.json in Resources */,
				AAF2A31B12BF72202CDA1E8C /* ru.lproj in Resources */,
				E26C8F1F0A1BDC94649CB06C /* viewer in Resources */,
			);
			runOnlyForDeploymentPostprocessing = 0;
		};
		3302BC8712E9481965A5E8D0 /* Resources */ = {
			isa = PBXResourcesBuildPhase;
			buildActionMask = 2147483647;
			files = (
				775C7C7DF2C82570F8C413C4 /* SKILL.md in Resources */,
				BAB869747215245913B9C6EE /* Workspace in Resources */,
				1AD2C59902042A2238915262 /* rocket_static_simplified.json in Resources */,
			);
			runOnlyForDeploymentPostprocessing = 0;
		};
/* End PBXResourcesBuildPhase section */

/* Begin PBXShellScriptBuildPhase section */
		55E4478E0AC6C53A73F7810A /* Embed lottie-mcp */ = {
			isa = PBXShellScriptBuildPhase;
			alwaysOutOfDate = 1;
			buildActionMask = 2147483647;
			files = (
			);
			inputFileListPaths = (
			);
			inputPaths = (
			);
			name = "Embed lottie-mcp";
			outputFileListPaths = (
			);
			outputPaths = (
			);
			runOnlyForDeploymentPostprocessing = 0;
			shellPath = /bin/sh;
			shellScript = "# MCP-сервер внутри приложения: дизайнеру не нужен Xcode, Claude запускает его из .app.\nset -e\nDST=\"$TARGET_BUILD_DIR/$EXECUTABLE_FOLDER_PATH/lottie-mcp\"\ncp -f \"$BUILT_PRODUCTS_DIR/lottie-mcp\" \"$DST\"\nIDENTITY=\"${EXPANDED_CODE_SIGN_IDENTITY:--}\"\n[ -z \"$IDENTITY\" ] && IDENTITY=\"-\"\ncodesign --force --options runtime --timestamp=none --sign \"$IDENTITY\" \"$DST\"\n";
		};
/* End PBXShellScriptBuildPhase section */

/* Begin PBXSourcesBuildPhase section */
		6825179B2BD73EB0F5AFF330 /* Sources */ = {
			isa = PBXSourcesBuildPhase;
			buildActionMask = 2147483647;
			files = (
				D5E6F75B4041C0505107DAB1 /* EditorToolsTests.swift in Sources */,
				4B69A227B371565F21ECC2C9 /* LottieCompilerTests.swift in Sources */,
				025E19D6F88835FDC42CED4B /* RelayFramesTests.swift in Sources */,
			);
			runOnlyForDeploymentPostprocessing = 0;
		};
		88B987E5328AF96B9FE1478B /* Sources */ = {
			isa = PBXSourcesBuildPhase;
			buildActionMask = 2147483647;
			files = (
				11A67514D6C80AF25FEC6A69 /* AnimationItem.swift in Sources */,
				AFDC0B74B9A8F247B207E5D3 /* AnimationLibraryView.swift in Sources */,
				DE1796DACE9BB6A3CDA060C6 /* AnimationPlayerView.swift in Sources */,
				1576634381561A089B1FAE26 /* AnimationSpec.swift in Sources */,
				DCA5879EC6D30BA8E2C2B9B1 /* AnimationSpecSchema.swift in Sources */,
				2A0542FAFA0851CD9A844B1C /* AnimationStore.swift in Sources */,
				EF1E174D47D273A212B98F02 /* AppDebugFlags.swift in Sources */,
				220FE0F29A1B4D7562CB6172 /* AssetBundle.swift in Sources */,
				DE6954EA4933C64CDA0A2F47 /* AssetFiles.swift in Sources */,
				CA1F0A1CE22D86820CAE7CF8 /* BackgroundSheet.swift in Sources */,
				DC0ECFA67371CD32DF5BE5FC /* CanonicalizationResultView.swift in Sources */,
				1DB6EFD00BD37709D73E16BA /* CanonicalizationService.swift in Sources */,
				BB9324EC45039DD4F0EF8911 /* CheckerboardBackground.swift in Sources */,
				0149B17350BA3EDB59AFB95B /* ChecksumService.swift in Sources */,
				1DE7925885832785AD71B34D /* ClaudeConnectView.swift in Sources */,
				22A49C042BB8A066D9D4B1D7 /* CompanionRoutes.swift in Sources */,
				20334F1ED860D04C71ECEBA9 /* CompanionServer.swift in Sources */,
				F3FDEBE85A8BE14D0E9542A0 /* DevLottiePlayer.swift in Sources */,
				D1A390644F61C9A855C97294 /* DeveloperRootView.swift in Sources */,
				B4CFD6F4D3BC889E8A210D5E /* FrameRenderer.swift in Sources */,
				3BF7424FF68BB991AD644F90 /* GateResultsCard.swift in Sources */,
				EB2C2C8241BD9C873D05C3EC /* HTTPServer.swift in Sources */,
				054B2CFDCA189DE91E66AF72 /* HTTPTypes.swift in Sources */,
				B6892493915A8A01FA22FC64 /* ImportSourcePickerView.swift in Sources */,
				14D650F758B6AFF2D4FE0ECC /* IssueResolutionPanel.swift in Sources */,
				EC4F9BF62D44F11BB4B84BFE /* IssueResolutionService.swift in Sources */,
				F4F0ED1729A0A45CF9CC8AEE /* L10n.swift in Sources */,
				3564E1AE189ADC6897807610 /* LegalView.swift in Sources */,
				86DE4F0B617208344AC9105D /* LottieAnimationUIView.swift in Sources */,
				9D62E6780445334588C2E5D2 /* LottieCompiler.swift in Sources */,
				B277B78F5C95A3A6F58754DA /* LottieDeveloperApp.swift in Sources */,
				CC9AC5D933581ABCA6CB2232 /* LottieImageLayers.swift in Sources */,
				F288801CBD4A92D5201E64B4 /* LottieMerge.swift in Sources */,
				2E2AB2966B5955FB3FFDDCDA /* LottieOverrides.swift in Sources */,
				E0BFC8CF9783883DC9A270B9 /* MCPServer.swift in Sources */,
				EA02763EA7C76AA90A19FC19 /* MCPTools.swift in Sources */,
				88A27AD57DD2DBD992BDA61E /* MotionSemanticGate.swift in Sources */,
				147BEA28F1F093F2449AAB6B /* OnboardingPage.swift in Sources */,
				9BE660B496A8102AC99207FA /* OnboardingPageView.swift in Sources */,
				5B24FD73AE08B72BE0EBDE0B /* OnboardingView.swift in Sources */,
				23CF21DE065B516B91448D05 /* PaywallView.swift in Sources */,
				B2815971A3E2A5C37AE62AF8 /* PipelineEnums.swift in Sources */,
				E184A4A49CCAE44353238962 /* PipelineModels.swift in Sources */,
				2EDE92A283A7AF38FF1E26E1 /* PipelineOrchestrator.swift in Sources */,
				B12054C3C84BF9398A5D8D8C /* PipelineRunContext.swift in Sources */,
				A5CC1AA353592C2890C26ACC /* PipelineRunView.swift in Sources */,
				9E3F76C05C3B47A494878D3F /* PipelineStatusView.swift in Sources */,
				8BE32D05A64FA6A6E2131A12 /* PipelineTransitionRules.swift in Sources */,
				CE3C46B0FBDD7700B31E92D9 /* PlaybackState.swift in Sources */,
				CE2365DB9CBFE246A2CC37BE /* ProjectModels.swift in Sources */,
				450087FEC95F28CC6735CD6E /* ProjectPlayerView.swift in Sources */,
				23AB74D302D31614C263DC2D /* ProjectStore.swift in Sources */,
				AB6A9B54B628538A14E97510 /* ProjectsListView.swift in Sources */,
				9C93D0E8AF7FEE64C1BB7888 /* PromptSpecInputView.swift in Sources */,
				27CDF0D6DF1666A0BF18E248 /* PublishHandoffService.swift in Sources */,
				48158AAA1FB4E3A472F46BBE /* PublishSheet.swift in Sources */,
				792B9245BCCB5B8039F6B793 /* PurchaseStore.swift in Sources */,
				B2F96164738FB52F5D25ECD5 /* QAReportBuilder.swift in Sources */,
				4F01CA4CD9EB87D9ECE00753 /* QAReportView.swift in Sources */,
				44256F3A715A39832863AC2F /* RangeSlider.swift in Sources */,
				3178021FDC3A4EFE651E223B /* RelayClient.swift in Sources */,
				8B5CC78107716E422261D07D /* RelayFrames.swift in Sources */,
				3A8E8003F91CC82CF5F46997 /* ReleaseCandidateService.swift in Sources */,
				59CD5F739BF1AC48B7901372 /* ReleaseCandidateView.swift in Sources */,
				C373F804C741B9D149FA7256 /* RevisionDiffService.swift in Sources */,
				9B09F5160B31081A4D42D4A4 /* RevisionHistoryView.swift in Sources */,
				3E0E906B3AE2F07AB1E483DE /* RevisionStore.swift in Sources */,
				F2A2794AA2FDB5BAD825FE16 /* RollbackService.swift in Sources */,
				F36E3C7D87F7FA6C780C73CA /* RuntimeGate.swift in Sources */,
				22EAE01CDE38102BD7F44385 /* SVGDocument.swift in Sources */,
				5715BE5159FC592F17DB2D78 /* SVGSnapshotRenderer.swift in Sources */,
				1636A04C37E7FE8AC744FF33 /* SVGToLottie.swift in Sources */,
				75657492ECE18F2410C9839D /* SyntaxGate.swift in Sources */,
			);
			runOnlyForDeploymentPostprocessing = 0;
		};
		A10782A26CBBADD7CFD59E6B /* Sources */ = {
			isa = PBXSourcesBuildPhase;
			buildActionMask = 2147483647;
			files = (
				EE0DFD93A4A32458830B6117 /* AnimationSpec.swift in Sources */,
				9F2DE87F09177BB5DDC9F2AC /* AnimationSpecSchema.swift in Sources */,
				BF1EA74CD3581B755301B3AF /* AssetBundle.swift in Sources */,
				AAC3898FCF2C381CF6C9DBEA /* AssetFiles.swift in Sources */,
				5C638C354F28D293DA8EDE06 /* AssetsPanel.swift in Sources */,
				E01D01B3912CC6C4336E490A /* ContentView.swift in Sources */,
				1893E423B2A66FDCF6128FF0 /* EditorView.swift in Sources */,
				17784FC9BED0BB59F16111A5 /* Exporter.swift in Sources */,
				331E65A684A5283BF2352A5C /* FeedbackPanel.swift in Sources */,
				C78D374FF6D1A9AF99134D33 /* FrameRenderer.swift in Sources */,
				FEA0B814429A447728A9806F /* HomeView.swift in Sources */,
				CC50607ECCA9D2183DC7D924 /* LottieCanvas.swift in Sources */,
				9E2035951D4EBFD40EC0B35B /* LottieCompiler.swift in Sources */,
				ED6FC2D661939F304390F241 /* LottieDeveloperMacApp.swift in Sources */,
				4B0A5D90790F787D82DAC8FE /* LottieImageLayers.swift in Sources */,
				A3AA3A9BE40EF991DA840927 /* LottieMerge.swift in Sources */,
				D0E0344981887BBA0CCC5928 /* LottieOverrides.swift in Sources */,
				B01661B7981164BAE2251506 /* LottiePreviewView.swift in Sources */,
				41F0ECEA6638D1490F0121EC /* LottieRuntimeValidator.swift in Sources */,
				99B391B99AB986EBD53F5177 /* PlayerModel.swift in Sources */,
				97D1F18BB8601726E5EF0357 /* PlayerPanels.swift in Sources */,
				D8A0D9F942108088FDAF2D5F /* ProjectModels.swift in Sources */,
				B0D1ECDBD793FDCDFA2C5A87 /* ProjectStore.swift in Sources */,
				3665012A437480A4B59C0AA5 /* RelayFrames.swift in Sources */,
				24381E5AA00D41021235E850 /* SVGDocument.swift in Sources */,
				3901B2880416B36879391B2F /* SVGToLottie.swift in Sources */,
				BE99482CA8C98AC534A16F8F /* WorkspaceSetup.swift in Sources */,
			);
			runOnlyForDeploymentPostprocessing = 0;
		};
		B434AE707FCD1AD0D014908A /* Sources */ = {
			isa = PBXSourcesBuildPhase;
			buildActionMask = 2147483647;
			files = (
				16BB0AB96627B1C2C9C563EA /* AnimationSpec.swift in Sources */,
				687C08BC0804F465C355DA88 /* AnimationSpecSchema.swift in Sources */,
				F5D0D86854DA8BBD45844912 /* AssetBundle.swift in Sources */,
				9B9973149BD4B0507B21DF3A /* AssetFiles.swift in Sources */,
				C87A5937D588E3B5921A5C52 /* FrameRenderer.swift in Sources */,
				B68CACD2D16B20DD8057B00E /* LottieCompiler.swift in Sources */,
				ABBF71B645B9C0B7FB270F38 /* LottieImageLayers.swift in Sources */,
				C02B03371A467EE997BE4EE2 /* LottieMerge.swift in Sources */,
				0A365BA7140F241E2EEE9E71 /* LottieOverrides.swift in Sources */,
				C5F18471AE5FCE7E22652D01 /* MCPServer.swift in Sources */,
				4DFBFF6EF4B1470351645EE3 /* MCPTools.swift in Sources */,
				5B50611EDF74A0A1FA3747A8 /* ProjectModels.swift in Sources */,
				0B2267AE2C2B8C8C7E64CDE9 /* ProjectStore.swift in Sources */,
				A6DD1ECEF312467A450B05A4 /* RelayFrames.swift in Sources */,
				CE7BDCEFA7D953C2B34FEA14 /* SVGDocument.swift in Sources */,
				963AB6F8E8F1518FB8B48B0C /* SVGToLottie.swift in Sources */,
				71B3E86E1ADB46D7E211B771 /* main.swift in Sources */,
			);
			runOnlyForDeploymentPostprocessing = 0;
		};
/* End PBXSourcesBuildPhase section */

/* Begin PBXTargetDependency section */
		B9715D5110E04A9F9D531881 /* PBXTargetDependency */ = {
			isa = PBXTargetDependency;
			target = B8ED6621A370D9590AFDFEB1 /* lottie-mcp */;
			targetProxy = BC681B6D8E0EB0C66BD8084D /* PBXContainerItemProxy */;
		};
		D39AB80FD60F0965A14E5B2C /* PBXTargetDependency */ = {
			isa = PBXTargetDependency;
			target = F09DF0603482A913A862EA4F /* LottieDeveloperMac */;
			targetProxy = 70690ECEFBB8E28B3FFE9851 /* PBXContainerItemProxy */;
		};
/* End PBXTargetDependency section */

/* Begin XCBuildConfiguration section */
		237DA41281FFC77A728C8429 /* Release */ = {
			isa = XCBuildConfiguration;
			buildSettings = {
				BUNDLE_LOADER = "$(TEST_HOST)";
				COMBINE_HIDPI_IMAGES = YES;
				GENERATE_INFOPLIST_FILE = YES;
				LD_RUNPATH_SEARCH_PATHS = (
					"$(inherited)",
					"@executable_path/../Frameworks",
					"@loader_path/../Frameworks",
				);
				MACOSX_DEPLOYMENT_TARGET = 14.0;
				PRODUCT_BUNDLE_IDENTIFIER = com.nikapps.lottie.LottieCompilerTests;
				SDKROOT = macosx;
				TEST_HOST = "$(BUILT_PRODUCTS_DIR)/LottieDeveloperMac.app/Contents/MacOS/LottieDeveloperMac";
			};
			name = Release;
		};
		29E3673F6389AF21D6283FA9 /* Release */ = {
			isa = XCBuildConfiguration;
			buildSettings = {
				ASSETCATALOG_COMPILER_APPICON_NAME = AppIcon;
				CODE_SIGN_IDENTITY = "iPhone Developer";
				INFOPLIST_FILE = Sources/Info.plist;
				INFOPLIST_KEY_CFBundleDisplayName = "Lottie Dev";
				IPHONEOS_DEPLOYMENT_TARGET = 17.0;
				LD_RUNPATH_SEARCH_PATHS = (
					"$(inherited)",
					"@executable_path/Frameworks",
				);
				PRODUCT_BUNDLE_IDENTIFIER = com.nikapps.lottie.developer;
				SDKROOT = iphoneos;
				TARGETED_DEVICE_FAMILY = "1,2";
			};
			name = Release;
		};
		416615079A292ADB49120304 /* Debug */ = {
			isa = XCBuildConfiguration;
			buildSettings = {
				ASSETCATALOG_COMPILER_APPICON_NAME = AppIcon;
				COMBINE_HIDPI_IMAGES = YES;
				CURRENT_PROJECT_VERSION = 1;
				ENABLE_HARDENED_RUNTIME = YES;
				ENABLE_USER_SCRIPT_SANDBOXING = NO;
				INFOPLIST_FILE = Sources/macOS/Info.plist;
				LD_RUNPATH_SEARCH_PATHS = (
					"$(inherited)",
					"@executable_path/../Frameworks",
				);
				MACOSX_DEPLOYMENT_TARGET = 14.0;
				MARKETING_VERSION = 1.0.0;
				PRODUCT_BUNDLE_IDENTIFIER = com.nikapps.lottie.developer.mac;
				SDKROOT = macosx;
			};
			name = Debug;
		};
		4AADD558B01FBB06A9A7CB5B /* Release */ = {
			isa = XCBuildConfiguration;
			buildSettings = {
				ALWAYS_SEARCH_USER_PATHS = NO;
				CLANG_ANALYZER_NONNULL = YES;
				CLANG_ANALYZER_NUMBER_OBJECT_CONVERSION = YES_AGGRESSIVE;
				CLANG_CXX_LANGUAGE_STANDARD = "gnu++14";
				CLANG_CXX_LIBRARY = "libc++";
				CLANG_ENABLE_MODULES = YES;
				CLANG_ENABLE_OBJC_ARC = YES;
				CLANG_ENABLE_OBJC_WEAK = YES;
				CLANG_WARN_BLOCK_CAPTURE_AUTORELEASING = YES;
				CLANG_WARN_BOOL_CONVERSION = YES;
				CLANG_WARN_COMMA = YES;
				CLANG_WARN_CONSTANT_CONVERSION = YES;
				CLANG_WARN_DEPRECATED_OBJC_IMPLEMENTATIONS = YES;
				CLANG_WARN_DIRECT_OBJC_ISA_USAGE = YES_ERROR;
				CLANG_WARN_DOCUMENTATION_COMMENTS = YES;
				CLANG_WARN_EMPTY_BODY = YES;
				CLANG_WARN_ENUM_CONVERSION = YES;
				CLANG_WARN_INFINITE_RECURSION = YES;
				CLANG_WARN_INT_CONVERSION = YES;
				CLANG_WARN_NON_LITERAL_NULL_CONVERSION = YES;
				CLANG_WARN_OBJC_IMPLICIT_RETAIN_SELF = YES;
				CLANG_WARN_OBJC_LITERAL_CONVERSION = YES;
				CLANG_WARN_OBJC_ROOT_CLASS = YES_ERROR;
				CLANG_WARN_QUOTED_INCLUDE_IN_FRAMEWORK_HEADER = YES;
				CLANG_WARN_RANGE_LOOP_ANALYSIS = YES;
				CLANG_WARN_STRICT_PROTOTYPES = YES;
				CLANG_WARN_SUSPICIOUS_MOVE = YES;
				CLANG_WARN_UNGUARDED_AVAILABILITY = YES_AGGRESSIVE;
				CLANG_WARN_UNREACHABLE_CODE = YES;
				CLANG_WARN__DUPLICATE_METHOD_MATCH = YES;
				CODE_SIGN_STYLE = Automatic;
				COPY_PHASE_STRIP = NO;
				CURRENT_PROJECT_VERSION = 1;
				DEBUG_INFORMATION_FORMAT = "dwarf-with-dsym";
				DEVELOPMENT_TEAM = LWV5ZRPC43;
				ENABLE_NS_ASSERTIONS = NO;
				ENABLE_STRICT_OBJC_MSGSEND = YES;
				GCC_C_LANGUAGE_STANDARD = gnu11;
				GCC_NO_COMMON_BLOCKS = YES;
				GCC_WARN_64_TO_32_BIT_CONVERSION = YES;
				GCC_WARN_ABOUT_RETURN_TYPE = YES_ERROR;
				GCC_WARN_UNDECLARED_SELECTOR = YES;
				GCC_WARN_UNINITIALIZED_AUTOS = YES_AGGRESSIVE;
				GCC_WARN_UNUSED_FUNCTION = YES;
				GCC_WARN_UNUSED_VARIABLE = YES;
				MARKETING_VERSION = 1.0.0;
				MTL_ENABLE_DEBUG_INFO = NO;
				MTL_FAST_MATH = YES;
				PRODUCT_NAME = "$(TARGET_NAME)";
				SWIFT_COMPILATION_MODE = wholemodule;
				SWIFT_OPTIMIZATION_LEVEL = "-O";
				SWIFT_VERSION = 5.0;
			};
			name = Release;
		};
		69B090D98C8F6D2083FA6EA8 /* Debug */ = {
			isa = XCBuildConfiguration;
			buildSettings = {
				BUNDLE_LOADER = "$(TEST_HOST)";
				COMBINE_HIDPI_IMAGES = YES;
				GENERATE_INFOPLIST_FILE = YES;
				LD_RUNPATH_SEARCH_PATHS = (
					"$(inherited)",
					"@executable_path/../Frameworks",
					"@loader_path/../Frameworks",
				);
				MACOSX_DEPLOYMENT_TARGET = 14.0;
				PRODUCT_BUNDLE_IDENTIFIER = com.nikapps.lottie.LottieCompilerTests;
				SDKROOT = macosx;
				TEST_HOST = "$(BUILT_PRODUCTS_DIR)/LottieDeveloperMac.app/Contents/MacOS/LottieDeveloperMac";
			};
			name = Debug;
		};
		AF6FFB7F07F88C581C768351 /* Release */ = {
			isa = XCBuildConfiguration;
			buildSettings = {
				ASSETCATALOG_COMPILER_APPICON_NAME = AppIcon;
				COMBINE_HIDPI_IMAGES = YES;
				CURRENT_PROJECT_VERSION = 1;
				ENABLE_HARDENED_RUNTIME = YES;
				ENABLE_USER_SCRIPT_SANDBOXING = NO;
				INFOPLIST_FILE = Sources/macOS/Info.plist;
				LD_RUNPATH_SEARCH_PATHS = (
					"$(inherited)",
					"@executable_path/../Frameworks",
				);
				MACOSX_DEPLOYMENT_TARGET = 14.0;
				MARKETING_VERSION = 1.0.0;
				PRODUCT_BUNDLE_IDENTIFIER = com.nikapps.lottie.developer.mac;
				SDKROOT = macosx;
			};
			name = Release;
		};
		CA7D106A50B224E1FE9D53AB /* Debug */ = {
			isa = XCBuildConfiguration;
			buildSettings = {
				ASSETCATALOG_COMPILER_APPICON_NAME = AppIcon;
				CODE_SIGN_IDENTITY = "iPhone Developer";
				INFOPLIST_FILE = Sources/Info.plist;
				INFOPLIST_KEY_CFBundleDisplayName = "Lottie Dev";
				IPHONEOS_DEPLOYMENT_TARGET = 17.0;
				LD_RUNPATH_SEARCH_PATHS = (
					"$(inherited)",
					"@executable_path/Frameworks",
				);
				PRODUCT_BUNDLE_IDENTIFIER = com.nikapps.lottie.developer;
				SDKROOT = iphoneos;
				TARGETED_DEVICE_FAMILY = "1,2";
			};
			name = Debug;
		};
		D8DB26C25BB1451193C912DC /* Debug */ = {
			isa = XCBuildConfiguration;
			buildSettings = {
				CODE_SIGN_STYLE = Automatic;
				COMBINE_HIDPI_IMAGES = YES;
				LD_RUNPATH_SEARCH_PATHS = (
					"$(inherited)",
					"@executable_path/../Frameworks",
				);
				MACOSX_DEPLOYMENT_TARGET = 14.0;
				PRODUCT_BUNDLE_IDENTIFIER = com.nikapps.lottie.developer.mcp;
				PRODUCT_NAME = "lottie-mcp";
				SDKROOT = macosx;
			};
			name = Debug;
		};
		DC8B5A353C02696CF523EBBE /* Release */ = {
			isa = XCBuildConfiguration;
			buildSettings = {
				CODE_SIGN_STYLE = Automatic;
				COMBINE_HIDPI_IMAGES = YES;
				LD_RUNPATH_SEARCH_PATHS = (
					"$(inherited)",
					"@executable_path/../Frameworks",
				);
				MACOSX_DEPLOYMENT_TARGET = 14.0;
				PRODUCT_BUNDLE_IDENTIFIER = com.nikapps.lottie.developer.mcp;
				PRODUCT_NAME = "lottie-mcp";
				SDKROOT = macosx;
			};
			name = Release;
		};
		FE0A28F586BCFF93E921B4B4 /* Debug */ = {
			isa = XCBuildConfiguration;
			buildSettings = {
				ALWAYS_SEARCH_USER_PATHS = NO;
				CLANG_ANALYZER_NONNULL = YES;
				CLANG_ANALYZER_NUMBER_OBJECT_CONVERSION = YES_AGGRESSIVE;
				CLANG_CXX_LANGUAGE_STANDARD = "gnu++14";
				CLANG_CXX_LIBRARY = "libc++";
				CLANG_ENABLE_MODULES = YES;
				CLANG_ENABLE_OBJC_ARC = YES;
				CLANG_ENABLE_OBJC_WEAK = YES;
				CLANG_WARN_BLOCK_CAPTURE_AUTORELEASING = YES;
				CLANG_WARN_BOOL_CONVERSION = YES;
				CLANG_WARN_COMMA = YES;
				CLANG_WARN_CONSTANT_CONVERSION = YES;
				CLANG_WARN_DEPRECATED_OBJC_IMPLEMENTATIONS = YES;
				CLANG_WARN_DIRECT_OBJC_ISA_USAGE = YES_ERROR;
				CLANG_WARN_DOCUMENTATION_COMMENTS = YES;
				CLANG_WARN_EMPTY_BODY = YES;
				CLANG_WARN_ENUM_CONVERSION = YES;
				CLANG_WARN_INFINITE_RECURSION = YES;
				CLANG_WARN_INT_CONVERSION = YES;
				CLANG_WARN_NON_LITERAL_NULL_CONVERSION = YES;
				CLANG_WARN_OBJC_IMPLICIT_RETAIN_SELF = YES;
				CLANG_WARN_OBJC_LITERAL_CONVERSION = YES;
				CLANG_WARN_OBJC_ROOT_CLASS = YES_ERROR;
				CLANG_WARN_QUOTED_INCLUDE_IN_FRAMEWORK_HEADER = YES;
				CLANG_WARN_RANGE_LOOP_ANALYSIS = YES;
				CLANG_WARN_STRICT_PROTOTYPES = YES;
				CLANG_WARN_SUSPICIOUS_MOVE = YES;
				CLANG_WARN_UNGUARDED_AVAILABILITY = YES_AGGRESSIVE;
				CLANG_WARN_UNREACHABLE_CODE = YES;
				CLANG_WARN__DUPLICATE_METHOD_MATCH = YES;
				CODE_SIGN_STYLE = Automatic;
				COPY_PHASE_STRIP = NO;
				CURRENT_PROJECT_VERSION = 1;
				DEBUG_INFORMATION_FORMAT = dwarf;
				DEVELOPMENT_TEAM = LWV5ZRPC43;
				ENABLE_STRICT_OBJC_MSGSEND = YES;
				ENABLE_TESTABILITY = YES;
				GCC_C_LANGUAGE_STANDARD = gnu11;
				GCC_DYNAMIC_NO_PIC = NO;
				GCC_NO_COMMON_BLOCKS = YES;
				GCC_OPTIMIZATION_LEVEL = 0;
				GCC_PREPROCESSOR_DEFINITIONS = (
					"$(inherited)",
					"DEBUG=1",
				);
				GCC_WARN_64_TO_32_BIT_CONVERSION = YES;
				GCC_WARN_ABOUT_RETURN_TYPE = YES_ERROR;
				GCC_WARN_UNDECLARED_SELECTOR = YES;
				GCC_WARN_UNINITIALIZED_AUTOS = YES_AGGRESSIVE;
				GCC_WARN_UNUSED_FUNCTION = YES;
				GCC_WARN_UNUSED_VARIABLE = YES;
				MARKETING_VERSION = 1.0.0;
				MTL_ENABLE_DEBUG_INFO = INCLUDE_SOURCE;
				MTL_FAST_MATH = YES;
				ONLY_ACTIVE_ARCH = YES;
				PRODUCT_NAME = "$(TARGET_NAME)";
				SWIFT_ACTIVE_COMPILATION_CONDITIONS = DEBUG;
				SWIFT_OPTIMIZATION_LEVEL = "-Onone";
				SWIFT_VERSION = 5.0;
			};
			name = Debug;
		};
/* End XCBuildConfiguration section */

/* Begin XCConfigurationList section */
		99EE74F5A9AFFFBE39237D36 /* Build configuration list for PBXNativeTarget "lottie-mcp" */ = {
			isa = XCConfigurationList;
			buildConfigurations = (
				D8DB26C25BB1451193C912DC /* Debug */,
				DC8B5A353C02696CF523EBBE /* Release */,
			);
			defaultConfigurationIsVisible = 0;
			defaultConfigurationName = Debug;
		};
		B49CBB49ABC34A9F8FC40622 /* Build configuration list for PBXNativeTarget "LottieCompilerTests" */ = {
			isa = XCConfigurationList;
			buildConfigurations = (
				69B090D98C8F6D2083FA6EA8 /* Debug */,
				237DA41281FFC77A728C8429 /* Release */,
			);
			defaultConfigurationIsVisible = 0;
			defaultConfigurationName = Debug;
		};
		B878B3129404AEBA6D1BC107 /* Build configuration list for PBXNativeTarget "LottieDeveloperMac" */ = {
			isa = XCConfigurationList;
			buildConfigurations = (
				416615079A292ADB49120304 /* Debug */,
				AF6FFB7F07F88C581C768351 /* Release */,
			);
			defaultConfigurationIsVisible = 0;
			defaultConfigurationName = Debug;
		};
		BA5B695E757B218A5C1911D8 /* Build configuration list for PBXNativeTarget "LottieDeveloper" */ = {
			isa = XCConfigurationList;
			buildConfigurations = (
				CA7D106A50B224E1FE9D53AB /* Debug */,
				29E3673F6389AF21D6283FA9 /* Release */,
			);
			defaultConfigurationIsVisible = 0;
			defaultConfigurationName = Debug;
		};
		EA9FF1AEDC5A29E2E9FD3847 /* Build configuration list for PBXProject "LottieDeveloper" */ = {
			isa = XCConfigurationList;
			buildConfigurations = (
				FE0A28F586BCFF93E921B4B4 /* Debug */,
				4AADD558B01FBB06A9A7CB5B /* Release */,
			);
			defaultConfigurationIsVisible = 0;
			defaultConfigurationName = Debug;
		};
/* End XCConfigurationList section */

/* Begin XCRemoteSwiftPackageReference section */
		13928DA8F085DB71F8AA084C /* XCRemoteSwiftPackageReference "ZIPFoundation" */ = {
			isa = XCRemoteSwiftPackageReference;
			repositoryURL = "https://github.com/weichsel/ZIPFoundation.git";
			requirement = {
				kind = upToNextMajorVersion;
				minimumVersion = 0.9.19;
			};
		};
		E17FF3EDC9C82AF3DB0BB51C /* XCRemoteSwiftPackageReference "lottie-ios" */ = {
			isa = XCRemoteSwiftPackageReference;
			repositoryURL = "https://github.com/airbnb/lottie-ios.git";
			requirement = {
				kind = upToNextMajorVersion;
				minimumVersion = 4.6.0;
			};
		};
/* End XCRemoteSwiftPackageReference section */

/* Begin XCSwiftPackageProductDependency section */
		0EC0BE20CEC664BB897D452A /* Lottie */ = {
			isa = XCSwiftPackageProductDependency;
			package = E17FF3EDC9C82AF3DB0BB51C /* XCRemoteSwiftPackageReference "lottie-ios" */;
			productName = Lottie;
		};
		1423BB27F743B13F1541652C /* ZIPFoundation */ = {
			isa = XCSwiftPackageProductDependency;
			package = 13928DA8F085DB71F8AA084C /* XCRemoteSwiftPackageReference "ZIPFoundation" */;
			productName = ZIPFoundation;
		};
		89D988112581D90066ABE88E /* Lottie */ = {
			isa = XCSwiftPackageProductDependency;
			package = E17FF3EDC9C82AF3DB0BB51C /* XCRemoteSwiftPackageReference "lottie-ios" */;
			productName = Lottie;
		};
		F56071E7FD9FEF5F5707B215 /* Lottie */ = {
			isa = XCSwiftPackageProductDependency;
			package = E17FF3EDC9C82AF3DB0BB51C /* XCRemoteSwiftPackageReference "lottie-ios" */;
			productName = Lottie;
		};
/* End XCSwiftPackageProductDependency section */
	};
	rootObject = FF2EE42DA226682311905BC1 /* Project object */;
}
